// !$*UTF8*$!
{
	archiveVersion = 1;
	classes = {
	};
	objectVersion = 45;
	objects = {

/* Begin PBXBuildFile section */
		610BF8AB0F030DFA008D9A3B /* PTStatusBox.m in Sources */ = {isa = PBXBuildFile; fileRef = 610BF8AA0F030DFA008D9A3B /* PTStatusBox.m */; };
		611937630F0A47270065B9ED /* PTStatusTextField.m in Sources */ = {isa = PBXBuildFile; fileRef = 611937620F0A47270065B9ED /* PTStatusTextField.m */; };
		612BD6900F076F8500EF064D /* Pwitter.icns in Resources */ = {isa = PBXBuildFile; fileRef = 612BD68F0F076F8500EF064D /* Pwitter.icns */; };
		6134601A0F0602AB00B422A6 /* PTArrayObserver.m in Sources */ = {isa = PBXBuildFile; fileRef = 613460190F0602AB00B422A6 /* PTArrayObserver.m */; };
		613B64F70F0A45B500B67438 /* PTStatusImageView.m in Sources */ = {isa = PBXBuildFile; fileRef = 613B64F60F0A45B500B67438 /* PTStatusImageView.m */; };
		614393A90F09D23400971122 /* PTEntityBackground.m in Sources */ = {isa = PBXBuildFile; fileRef = 614393A80F09D23400971122 /* PTEntityBackground.m */; };
		615D39770F0B016F0086E57F /* PTCharacterCounter.m in Sources */ = {isa = PBXBuildFile; fileRef = 615D39760F0B016F0086E57F /* PTCharacterCounter.m */; };
		6190A09A0F0AE46100E4F12E /* BGHUDAppKit.framework in Frameworks */ = {isa = PBXBuildFile; fileRef = 6190A0990F0AE46100E4F12E /* BGHUDAppKit.framework */; };
		6190A0CB0F0AE55000E4F12E /* BGHUDAppKit.framework in CopyFiles */ = {isa = PBXBuildFile; fileRef = 6190A0990F0AE46100E4F12E /* BGHUDAppKit.framework */; };
		61A50F520F063ADB009050CC /* console.png in Resources */ = {isa = PBXBuildFile; fileRef = 61A50F510F063ADB009050CC /* console.png */; };
		61BD916F0F0B7C7E00F1CA33 /* default.png in Resources */ = {isa = PBXBuildFile; fileRef = 61BD916E0F0B7C7E00F1CA33 /* default.png */; };
		61C3FB600F0CF84B00630209 /* PTSelectedUserNameTextField.m in Sources */ = {isa = PBXBuildFile; fileRef = 61C3FB5F0F0CF84B00630209 /* PTSelectedUserNameTextField.m */; };
		61C773BD0F0509F100258650 /* PTStatusEntityView.m in Sources */ = {isa = PBXBuildFile; fileRef = 61C773BC0F0509F100258650 /* PTStatusEntityView.m */; };
		61C773F80F050BBB00258650 /* PTStatusCollectionItem.m in Sources */ = {isa = PBXBuildFile; fileRef = 61C773F70F050BBB00258650 /* PTStatusCollectionItem.m */; };
		61C786F40F046622007CBC1A /* PTPreferenceWindow.m in Sources */ = {isa = PBXBuildFile; fileRef = 61C786F30F046622007CBC1A /* PTPreferenceWindow.m */; };
		61D6BE380F077DF300C6B98D /* MGTwitterEngine.m in Sources */ = {isa = PBXBuildFile; fileRef = 61D6BE190F077DF300C6B98D /* MGTwitterEngine.m */; };
		61D6BE390F077DF300C6B98D /* MGTwitterHTTPURLConnection.m in Sources */ = {isa = PBXBuildFile; fileRef = 61D6BE1D0F077DF300C6B98D /* MGTwitterHTTPURLConnection.m */; };
		61D6BE3A0F077DF300C6B98D /* MGTwitterLibXMLParser.m in Sources */ = {isa = PBXBuildFile; fileRef = 61D6BE1F0F077DF300C6B98D /* MGTwitterLibXMLParser.m */; };
		61D6BE3B0F077DF300C6B98D /* MGTwitterMessagesLibXMLParser.m in Sources */ = {isa = PBXBuildFile; fileRef = 61D6BE210F077DF300C6B98D /* MGTwitterMessagesLibXMLParser.m */; };
		61D6BE3C0F077DF300C6B98D /* MGTwitterMessagesParser.m in Sources */ = {isa = PBXBuildFile; fileRef = 61D6BE230F077DF300C6B98D /* MGTwitterMessagesParser.m */; };
		61D6BE3D0F077DF300C6B98D /* MGTwitterMiscLibXMLParser.m in Sources */ = {isa = PBXBuildFile; fileRef = 61D6BE250F077DF300C6B98D /* MGTwitterMiscLibXMLParser.m */; };
		61D6BE3E0F077DF300C6B98D /* MGTwitterMiscParser.m in Sources */ = {isa = PBXBuildFile; fileRef = 61D6BE270F077DF300C6B98D /* MGTwitterMiscParser.m */; };
		61D6BE3F0F077DF300C6B98D /* MGTwitterStatusesLibXMLParser.m in Sources */ = {isa = PBXBuildFile; fileRef = 61D6BE2B0F077DF300C6B98D /* MGTwitterStatusesLibXMLParser.m */; };
		61D6BE400F077DF300C6B98D /* MGTwitterStatusesParser.m in Sources */ = {isa = PBXBuildFile; fileRef = 61D6BE2D0F077DF300C6B98D /* MGTwitterStatusesParser.m */; };
		61D6BE410F077DF300C6B98D /* MGTwitterUsersLibXMLParser.m in Sources */ = {isa = PBXBuildFile; fileRef = 61D6BE2F0F077DF300C6B98D /* MGTwitterUsersLibXMLParser.m */; };
		61D6BE420F077DF300C6B98D /* MGTwitterUsersParser.m in Sources */ = {isa = PBXBuildFile; fileRef = 61D6BE310F077DF300C6B98D /* MGTwitterUsersParser.m */; };
		61D6BE430F077DF300C6B98D /* MGTwitterXMLParser.m in Sources */ = {isa = PBXBuildFile; fileRef = 61D6BE330F077DF300C6B98D /* MGTwitterXMLParser.m */; };
		61D6BE440F077DF300C6B98D /* NSData+Base64.m in Sources */ = {isa = PBXBuildFile; fileRef = 61D6BE350F077DF300C6B98D /* NSData+Base64.m */; };
		61D6BE450F077DF300C6B98D /* NSString+UUID.m in Sources */ = {isa = PBXBuildFile; fileRef = 61D6BE370F077DF300C6B98D /* NSString+UUID.m */; };
		61D9FBC70F04B0D9003CC890 /* EMKeychainItem.m in Sources */ = {isa = PBXBuildFile; fileRef = 61D9FBC40F04B0D9003CC890 /* EMKeychainItem.m */; };
		61D9FBC80F04B0D9003CC890 /* EMKeychainProxy.m in Sources */ = {isa = PBXBuildFile; fileRef = 61D9FBC60F04B0D9003CC890 /* EMKeychainProxy.m */; };
		61D9FDFD0F04B41C003CC890 /* Security.framework in Frameworks */ = {isa = PBXBuildFile; fileRef = 61D9FDFC0F04B41C003CC890 /* Security.framework */; };
		61D9FE1C0F04B6DA003CC890 /* PTPreferenceManager.m in Sources */ = {isa = PBXBuildFile; fileRef = 61D9FE1B0F04B6DA003CC890 /* PTPreferenceManager.m */; };
		61E9997A0F0D88C800509EE8 /* PTMainWindowDelegate.m in Sources */ = {isa = PBXBuildFile; fileRef = 61E999790F0D88C800509EE8 /* PTMainWindowDelegate.m */; };
		61EE70640F0210C0005C42F5 /* libxml2.2.dylib in Frameworks */ = {isa = PBXBuildFile; fileRef = 61EE70630F0210C0005C42F5 /* libxml2.2.dylib */; };
		61EE71400F021802005C42F5 /* PTMain.m in Sources */ = {isa = PBXBuildFile; fileRef = 61EE713F0F021802005C42F5 /* PTMain.m */; };
		8D11072A0486CEB800E47090 /* MainMenu.nib in Resources */ = {isa = PBXBuildFile; fileRef = 29B97318FDCFA39411CA2CEA /* MainMenu.nib */; };
		8D11072B0486CEB800E47090 /* InfoPlist.strings in Resources */ = {isa = PBXBuildFile; fileRef = 089C165CFE840E0CC02AAC07 /* InfoPlist.strings */; };
		8D11072D0486CEB800E47090 /* main.m in Sources */ = {isa = PBXBuildFile; fileRef = 29B97316FDCFA39411CA2CEA /* main.m */; settings = {ATTRIBUTES = (); }; };
		8D11072F0486CEB800E47090 /* Cocoa.framework in Frameworks */ = {isa = PBXBuildFile; fileRef = 1058C7A1FEA54F0111CA2CBB /* Cocoa.framework */; };
/* End PBXBuildFile section */

/* Begin PBXCopyFilesBuildPhase section */
		6190A0C40F0AE4B100E4F12E /* CopyFiles */ = {
			isa = PBXCopyFilesBuildPhase;
			buildActionMask = 2147483647;
			dstPath = "";
			dstSubfolderSpec = 10;
			files = (
				6190A0CB0F0AE55000E4F12E /* BGHUDAppKit.framework in CopyFiles */,
			);
			runOnlyForDeploymentPostprocessing = 0;
		};
/* End PBXCopyFilesBuildPhase section */

/* Begin PBXFileReference section */
		089C165DFE840E0CC02AAC07 /* English */ = {isa = PBXFileReference; fileEncoding = 10; lastKnownFileType = text.plist.strings; name = English; path = English.lproj/InfoPlist.strings; sourceTree = "<group>"; };
		1058C7A1FEA54F0111CA2CBB /* Cocoa.framework */ = {isa = PBXFileReference; lastKnownFileType = wrapper.framework; name = Cocoa.framework; path = /System/Library/Frameworks/Cocoa.framework; sourceTree = "<absolute>"; };
		13E42FB307B3F0F600E4EEF1 /* CoreData.framework */ = {isa = PBXFileReference; lastKnownFileType = wrapper.framework; name = CoreData.framework; path = /System/Library/Frameworks/CoreData.framework; sourceTree = "<absolute>"; };
		29B97316FDCFA39411CA2CEA /* main.m */ = {isa = PBXFileReference; fileEncoding = 4; lastKnownFileType = sourcecode.c.objc; path = main.m; sourceTree = "<group>"; };
		29B97319FDCFA39411CA2CEA /* English */ = {isa = PBXFileReference; lastKnownFileType = wrapper.nib; name = English; path = English.lproj/MainMenu.nib; sourceTree = "<group>"; };
		29B97324FDCFA39411CA2CEA /* AppKit.framework */ = {isa = PBXFileReference; lastKnownFileType = wrapper.framework; name = AppKit.framework; path = /System/Library/Frameworks/AppKit.framework; sourceTree = "<absolute>"; };
		29B97325FDCFA39411CA2CEA /* Foundation.framework */ = {isa = PBXFileReference; lastKnownFileType = wrapper.framework; name = Foundation.framework; path = /System/Library/Frameworks/Foundation.framework; sourceTree = "<absolute>"; };
		32CA4F630368D1EE00C91783 /* Pwitter_Prefix.pch */ = {isa = PBXFileReference; fileEncoding = 4; lastKnownFileType = sourcecode.c.h; path = Pwitter_Prefix.pch; sourceTree = "<group>"; };
		610BF8A90F030DFA008D9A3B /* PTStatusBox.h */ = {isa = PBXFileReference; fileEncoding = 4; lastKnownFileType = sourcecode.c.h; path = PTStatusBox.h; sourceTree = "<group>"; };
		610BF8AA0F030DFA008D9A3B /* PTStatusBox.m */ = {isa = PBXFileReference; fileEncoding = 4; lastKnownFileType = sourcecode.c.objc; path = PTStatusBox.m; sourceTree = "<group>"; };
		611937610F0A47270065B9ED /* PTStatusTextField.h */ = {isa = PBXFileReference; fileEncoding = 4; lastKnownFileType = sourcecode.c.h; path = PTStatusTextField.h; sourceTree = "<group>"; };
		611937620F0A47270065B9ED /* PTStatusTextField.m */ = {isa = PBXFileReference; fileEncoding = 4; lastKnownFileType = sourcecode.c.objc; path = PTStatusTextField.m; sourceTree = "<group>"; };
		612BD68F0F076F8500EF064D /* Pwitter.icns */ = {isa = PBXFileReference; lastKnownFileType = image.icns; path = Pwitter.icns; sourceTree = "<group>"; };
		613460180F0602AB00B422A6 /* PTArrayObserver.h */ = {isa = PBXFileReference; fileEncoding = 4; lastKnownFileType = sourcecode.c.h; path = PTArrayObserver.h; sourceTree = "<group>"; };
		613460190F0602AB00B422A6 /* PTArrayObserver.m */ = {isa = PBXFileReference; fileEncoding = 4; lastKnownFileType = sourcecode.c.objc; path = PTArrayObserver.m; sourceTree = "<group>"; };
		613B64F50F0A45B500B67438 /* PTStatusImageView.h */ = {isa = PBXFileReference; fileEncoding = 4; lastKnownFileType = sourcecode.c.h; path = PTStatusImageView.h; sourceTree = "<group>"; };
		613B64F60F0A45B500B67438 /* PTStatusImageView.m */ = {isa = PBXFileReference; fileEncoding = 4; lastKnownFileType = sourcecode.c.objc; path = PTStatusImageView.m; sourceTree = "<group>"; };
		614393A70F09D23400971122 /* PTEntityBackground.h */ = {isa = PBXFileReference; fileEncoding = 4; lastKnownFileType = sourcecode.c.h; path = PTEntityBackground.h; sourceTree = "<group>"; };
		614393A80F09D23400971122 /* PTEntityBackground.m */ = {isa = PBXFileReference; fileEncoding = 4; lastKnownFileType = sourcecode.c.objc; path = PTEntityBackground.m; sourceTree = "<group>"; };
		615D39750F0B016F0086E57F /* PTCharacterCounter.h */ = {isa = PBXFileReference; fileEncoding = 4; lastKnownFileType = sourcecode.c.h; path = PTCharacterCounter.h; sourceTree = "<group>"; };
		615D39760F0B016F0086E57F /* PTCharacterCounter.m */ = {isa = PBXFileReference; fileEncoding = 4; lastKnownFileType = sourcecode.c.objc; path = PTCharacterCounter.m; sourceTree = "<group>"; };
		6190A0990F0AE46100E4F12E /* BGHUDAppKit.framework */ = {isa = PBXFileReference; lastKnownFileType = wrapper.framework; path = BGHUDAppKit.framework; sourceTree = "<group>"; };
		61A50F510F063ADB009050CC /* console.png */ = {isa = PBXFileReference; lastKnownFileType = image.png; path = console.png; sourceTree = "<group>"; };
		61BD916E0F0B7C7E00F1CA33 /* default.png */ = {isa = PBXFileReference; lastKnownFileType = image.png; path = default.png; sourceTree = "<group>"; };
		61C3FB5E0F0CF84B00630209 /* PTSelectedUserNameTextField.h */ = {isa = PBXFileReference; fileEncoding = 4; lastKnownFileType = sourcecode.c.h; path = PTSelectedUserNameTextField.h; sourceTree = "<group>"; };
		61C3FB5F0F0CF84B00630209 /* PTSelectedUserNameTextField.m */ = {isa = PBXFileReference; fileEncoding = 4; lastKnownFileType = sourcecode.c.objc; path = PTSelectedUserNameTextField.m; sourceTree = "<group>"; };
		61C773BB0F0509F100258650 /* PTStatusEntityView.h */ = {isa = PBXFileReference; fileEncoding = 4; lastKnownFileType = sourcecode.c.h; path = PTStatusEntityView.h; sourceTree = "<group>"; };
		61C773BC0F0509F100258650 /* PTStatusEntityView.m */ = {isa = PBXFileReference; fileEncoding = 4; lastKnownFileType = sourcecode.c.objc; path = PTStatusEntityView.m; sourceTree = "<group>"; };
		61C773F60F050BBB00258650 /* PTStatusCollectionItem.h */ = {isa = PBXFileReference; fileEncoding = 4; lastKnownFileType = sourcecode.c.h; path = PTStatusCollectionItem.h; sourceTree = "<group>"; };
		61C773F70F050BBB00258650 /* PTStatusCollectionItem.m */ = {isa = PBXFileReference; fileEncoding = 4; lastKnownFileType = sourcecode.c.objc; path = PTStatusCollectionItem.m; sourceTree = "<group>"; };
		61C786F20F046622007CBC1A /* PTPreferenceWindow.h */ = {isa = PBXFileReference; fileEncoding = 4; lastKnownFileType = sourcecode.c.h; path = PTPreferenceWindow.h; sourceTree = "<group>"; };
		61C786F30F046622007CBC1A /* PTPreferenceWindow.m */ = {isa = PBXFileReference; fileEncoding = 4; lastKnownFileType = sourcecode.c.objc; path = PTPreferenceWindow.m; sourceTree = "<group>"; };
		61D6BE180F077DF300C6B98D /* MGTwitterEngine.h */ = {isa = PBXFileReference; fileEncoding = 4; lastKnownFileType = sourcecode.c.h; name = MGTwitterEngine.h; path = MGTwitterEngine/MGTwitterEngine.h; sourceTree = "<group>"; };
		61D6BE190F077DF300C6B98D /* MGTwitterEngine.m */ = {isa = PBXFileReference; fileEncoding = 4; lastKnownFileType = sourcecode.c.objc; name = MGTwitterEngine.m; path = MGTwitterEngine/MGTwitterEngine.m; sourceTree = "<group>"; };
		61D6BE1A0F077DF300C6B98D /* MGTwitterEngineDelegate.h */ = {isa = PBXFileReference; fileEncoding = 4; lastKnownFileType = sourcecode.c.h; name = MGTwitterEngineDelegate.h; path = MGTwitterEngine/MGTwitterEngineDelegate.h; sourceTree = "<group>"; };
		61D6BE1B0F077DF300C6B98D /* MGTwitterEngineGlobalHeader.h */ = {isa = PBXFileReference; fileEncoding = 4; lastKnownFileType = sourcecode.c.h; name = MGTwitterEngineGlobalHeader.h; path = MGTwitterEngine/MGTwitterEngineGlobalHeader.h; sourceTree = "<group>"; };
		61D6BE1C0F077DF300C6B98D /* MGTwitterHTTPURLConnection.h */ = {isa = PBXFileReference; fileEncoding = 4; lastKnownFileType = sourcecode.c.h; name = MGTwitterHTTPURLConnection.h; path = MGTwitterEngine/MGTwitterHTTPURLConnection.h; sourceTree = "<group>"; };
		61D6BE1D0F077DF300C6B98D /* MGTwitterHTTPURLConnection.m */ = {isa = PBXFileReference; fileEncoding = 4; lastKnownFileType = sourcecode.c.objc; name = MGTwitterHTTPURLConnection.m; path = MGTwitterEngine/MGTwitterHTTPURLConnection.m; sourceTree = "<group>"; };
		61D6BE1E0F077DF300C6B98D /* MGTwitterLibXMLParser.h */ = {isa = PBXFileReference; fileEncoding = 4; lastKnownFileType = sourcecode.c.h; name = MGTwitterLibXMLParser.h; path = MGTwitterEngine/MGTwitterLibXMLParser.h; sourceTree = "<group>"; };
		61D6BE1F0F077DF300C6B98D /* MGTwitterLibXMLParser.m */ = {isa = PBXFileReference; fileEncoding = 4; lastKnownFileType = sourcecode.c.objc; name = MGTwitterLibXMLParser.m; path = MGTwitterEngine/MGTwitterLibXMLParser.m; sourceTree = "<group>"; };
		61D6BE200F077DF300C6B98D /* MGTwitterMessagesLibXMLParser.h */ = {isa = PBXFileReference; fileEncoding = 4; lastKnownFileType = sourcecode.c.h; name = MGTwitterMessagesLibXMLParser.h; path = MGTwitterEngine/MGTwitterMessagesLibXMLParser.h; sourceTree = "<group>"; };
		61D6BE210F077DF300C6B98D /* MGTwitterMessagesLibXMLParser.m */ = {isa = PBXFileReference; fileEncoding = 4; lastKnownFileType = sourcecode.c.objc; name = MGTwitterMessagesLibXMLParser.m; path = MGTwitterEngine/MGTwitterMessagesLibXMLParser.m; sourceTree = "<group>"; };
		61D6BE220F077DF300C6B98D /* MGTwitterMessagesParser.h */ = {isa = PBXFileReference; fileEncoding = 4; lastKnownFileType = sourcecode.c.h; name = MGTwitterMessagesParser.h; path = MGTwitterEngine/MGTwitterMessagesParser.h; sourceTree = "<group>"; };
		61D6BE230F077DF300C6B98D /* MGTwitterMessagesParser.m */ = {isa = PBXFileReference; fileEncoding = 4; lastKnownFileType = sourcecode.c.objc; name = MGTwitterMessagesParser.m; path = MGTwitterEngine/MGTwitterMessagesParser.m; sourceTree = "<group>"; };
		61D6BE240F077DF300C6B98D /* MGTwitterMiscLibXMLParser.h */ = {isa = PBXFileReference; fileEncoding = 4; lastKnownFileType = sourcecode.c.h; name = MGTwitterMiscLibXMLParser.h; path = MGTwitterEngine/MGTwitterMiscLibXMLParser.h; sourceTree = "<group>"; };
		61D6BE250F077DF300C6B98D /* MGTwitterMiscLibXMLParser.m */ = {isa = PBXFileReference; fileEncoding = 4; lastKnownFileType = sourcecode.c.objc; name = MGTwitterMiscLibXMLParser.m; path = MGTwitterEngine/MGTwitterMiscLibXMLParser.m; sourceTree = "<group>"; };
		61D6BE260F077DF300C6B98D /* MGTwitterMiscParser.h */ = {isa = PBXFileReference; fileEncoding = 4; lastKnownFileType = sourcecode.c.h; name = MGTwitterMiscParser.h; path = MGTwitterEngine/MGTwitterMiscParser.h; sourceTree = "<group>"; };
		61D6BE270F077DF300C6B98D /* MGTwitterMiscParser.m */ = {isa = PBXFileReference; fileEncoding = 4; lastKnownFileType = sourcecode.c.objc; name = MGTwitterMiscParser.m; path = MGTwitterEngine/MGTwitterMiscParser.m; sourceTree = "<group>"; };
		61D6BE280F077DF300C6B98D /* MGTwitterParserDelegate.h */ = {isa = PBXFileReference; fileEncoding = 4; lastKnownFileType = sourcecode.c.h; name = MGTwitterParserDelegate.h; path = MGTwitterEngine/MGTwitterParserDelegate.h; sourceTree = "<group>"; };
		61D6BE290F077DF300C6B98D /* MGTwitterRequestTypes.h */ = {isa = PBXFileReference; fileEncoding = 4; lastKnownFileType = sourcecode.c.h; name = MGTwitterRequestTypes.h; path = MGTwitterEngine/MGTwitterRequestTypes.h; sourceTree = "<group>"; };
		61D6BE2A0F077DF300C6B98D /* MGTwitterStatusesLibXMLParser.h */ = {isa = PBXFileReference; fileEncoding = 4; lastKnownFileType = sourcecode.c.h; name = MGTwitterStatusesLibXMLParser.h; path = MGTwitterEngine/MGTwitterStatusesLibXMLParser.h; sourceTree = "<group>"; };
		61D6BE2B0F077DF300C6B98D /* MGTwitterStatusesLibXMLParser.m */ = {isa = PBXFileReference; fileEncoding = 4; lastKnownFileType = sourcecode.c.objc; name = MGTwitterStatusesLibXMLParser.m; path = MGTwitterEngine/MGTwitterStatusesLibXMLParser.m; sourceTree = "<group>"; };
		61D6BE2C0F077DF300C6B98D /* MGTwitterStatusesParser.h */ = {isa = PBXFileReference; fileEncoding = 4; lastKnownFileType = sourcecode.c.h; name = MGTwitterStatusesParser.h; path = MGTwitterEngine/MGTwitterStatusesParser.h; sourceTree = "<group>"; };
		61D6BE2D0F077DF300C6B98D /* MGTwitterStatusesParser.m */ = {isa = PBXFileReference; fileEncoding = 4; lastKnownFileType = sourcecode.c.objc; name = MGTwitterStatusesParser.m; path = MGTwitterEngine/MGTwitterStatusesParser.m; sourceTree = "<group>"; };
		61D6BE2E0F077DF300C6B98D /* MGTwitterUsersLibXMLParser.h */ = {isa = PBXFileReference; fileEncoding = 4; lastKnownFileType = sourcecode.c.h; name = MGTwitterUsersLibXMLParser.h; path = MGTwitterEngine/MGTwitterUsersLibXMLParser.h; sourceTree = "<group>"; };
		61D6BE2F0F077DF300C6B98D /* MGTwitterUsersLibXMLParser.m */ = {isa = PBXFileReference; fileEncoding = 4; lastKnownFileType = sourcecode.c.objc; name = MGTwitterUsersLibXMLParser.m; path = MGTwitterEngine/MGTwitterUsersLibXMLParser.m; sourceTree = "<group>"; };
		61D6BE300F077DF300C6B98D /* MGTwitterUsersParser.h */ = {isa = PBXFileReference; fileEncoding = 4; lastKnownFileType = sourcecode.c.h; name = MGTwitterUsersParser.h; path = MGTwitterEngine/MGTwitterUsersParser.h; sourceTree = "<group>"; };
		61D6BE310F077DF300C6B98D /* MGTwitterUsersParser.m */ = {isa = PBXFileReference; fileEncoding = 4; lastKnownFileType = sourcecode.c.objc; name = MGTwitterUsersParser.m; path = MGTwitterEngine/MGTwitterUsersParser.m; sourceTree = "<group>"; };
		61D6BE320F077DF300C6B98D /* MGTwitterXMLParser.h */ = {isa = PBXFileReference; fileEncoding = 4; lastKnownFileType = sourcecode.c.h; name = MGTwitterXMLParser.h; path = MGTwitterEngine/MGTwitterXMLParser.h; sourceTree = "<group>"; };
		61D6BE330F077DF300C6B98D /* MGTwitterXMLParser.m */ = {isa = PBXFileReference; fileEncoding = 4; lastKnownFileType = sourcecode.c.objc; name = MGTwitterXMLParser.m; path = MGTwitterEngine/MGTwitterXMLParser.m; sourceTree = "<group>"; };
		61D6BE340F077DF300C6B98D /* NSData+Base64.h */ = {isa = PBXFileReference; fileEncoding = 4; lastKnownFileType = sourcecode.c.h; name = "NSData+Base64.h"; path = "MGTwitterEngine/NSData+Base64.h"; sourceTree = "<group>"; };
		61D6BE350F077DF300C6B98D /* NSData+Base64.m */ = {isa = PBXFileReference; fileEncoding = 4; lastKnownFileType = sourcecode.c.objc; name = "NSData+Base64.m"; path = "MGTwitterEngine/NSData+Base64.m"; sourceTree = "<group>"; };
		61D6BE360F077DF300C6B98D /* NSString+UUID.h */ = {isa = PBXFileReference; fileEncoding = 4; lastKnownFileType = sourcecode.c.h; name = "NSString+UUID.h"; path = "MGTwitterEngine/NSString+UUID.h"; sourceTree = "<group>"; };
		61D6BE370F077DF300C6B98D /* NSString+UUID.m */ = {isa = PBXFileReference; fileEncoding = 4; lastKnownFileType = sourcecode.c.objc; name = "NSString+UUID.m"; path = "MGTwitterEngine/NSString+UUID.m"; sourceTree = "<group>"; };
		61D9FBC30F04B0D9003CC890 /* EMKeychainItem.h */ = {isa = PBXFileReference; fileEncoding = 4; lastKnownFileType = sourcecode.c.h; name = EMKeychainItem.h; path = EMKeychain/EMKeychainItem.h; sourceTree = "<group>"; };
		61D9FBC40F04B0D9003CC890 /* EMKeychainItem.m */ = {isa = PBXFileReference; fileEncoding = 4; lastKnownFileType = sourcecode.c.objc; name = EMKeychainItem.m; path = EMKeychain/EMKeychainItem.m; sourceTree = "<group>"; };
		61D9FBC50F04B0D9003CC890 /* EMKeychainProxy.h */ = {isa = PBXFileReference; fileEncoding = 4; lastKnownFileType = sourcecode.c.h; name = EMKeychainProxy.h; path = EMKeychain/EMKeychainProxy.h; sourceTree = "<group>"; };
		61D9FBC60F04B0D9003CC890 /* EMKeychainProxy.m */ = {isa = PBXFileReference; fileEncoding = 4; lastKnownFileType = sourcecode.c.objc; name = EMKeychainProxy.m; path = EMKeychain/EMKeychainProxy.m; sourceTree = "<group>"; };
		61D9FDFC0F04B41C003CC890 /* Security.framework */ = {isa = PBXFileReference; lastKnownFileType = wrapper.framework; name = Security.framework; path = /System/Library/Frameworks/Security.framework; sourceTree = "<absolute>"; };
		61D9FE1A0F04B6DA003CC890 /* PTPreferenceManager.h */ = {isa = PBXFileReference; fileEncoding = 4; lastKnownFileType = sourcecode.c.h; path = PTPreferenceManager.h; sourceTree = "<group>"; };
		61D9FE1B0F04B6DA003CC890 /* PTPreferenceManager.m */ = {isa = PBXFileReference; fileEncoding = 4; lastKnownFileType = sourcecode.c.objc; path = PTPreferenceManager.m; sourceTree = "<group>"; };
		61E999780F0D88C800509EE8 /* PTMainWindowDelegate.h */ = {isa = PBXFileReference; fileEncoding = 4; lastKnownFileType = sourcecode.c.h; path = PTMainWindowDelegate.h; sourceTree = "<group>"; };
		61E999790F0D88C800509EE8 /* PTMainWindowDelegate.m */ = {isa = PBXFileReference; fileEncoding = 4; lastKnownFileType = sourcecode.c.objc; path = PTMainWindowDelegate.m; sourceTree = "<group>"; };
		61EE70630F0210C0005C42F5 /* libxml2.2.dylib */ = {isa = PBXFileReference; lastKnownFileType = "compiled.mach-o.dylib"; name = libxml2.2.dylib; path = /usr/lib/libxml2.2.dylib; sourceTree = "<absolute>"; };
		61EE713E0F021802005C42F5 /* PTMain.h */ = {isa = PBXFileReference; fileEncoding = 4; lastKnownFileType = sourcecode.c.h; path = PTMain.h; sourceTree = "<group>"; };
		61EE713F0F021802005C42F5 /* PTMain.m */ = {isa = PBXFileReference; fileEncoding = 4; lastKnownFileType = sourcecode.c.objc; path = PTMain.m; sourceTree = "<group>"; };
		8D1107310486CEB800E47090 /* Info.plist */ = {isa = PBXFileReference; fileEncoding = 4; lastKnownFileType = text.plist.xml; path = Info.plist; sourceTree = "<group>"; };
		8D1107320486CEB800E47090 /* Pwitter.app */ = {isa = PBXFileReference; explicitFileType = wrapper.application; includeInIndex = 0; path = Pwitter.app; sourceTree = BUILT_PRODUCTS_DIR; };
/* End PBXFileReference section */

/* Begin PBXFrameworksBuildPhase section */
		8D11072E0486CEB800E47090 /* Frameworks */ = {
			isa = PBXFrameworksBuildPhase;
			buildActionMask = 2147483647;
			files = (
				8D11072F0486CEB800E47090 /* Cocoa.framework in Frameworks */,
				61EE70640F0210C0005C42F5 /* libxml2.2.dylib in Frameworks */,
				61D9FDFD0F04B41C003CC890 /* Security.framework in Frameworks */,
				6190A09A0F0AE46100E4F12E /* BGHUDAppKit.framework in Frameworks */,
			);
			runOnlyForDeploymentPostprocessing = 0;
		};
/* End PBXFrameworksBuildPhase section */

/* Begin PBXGroup section */
		080E96DDFE201D6D7F000001 /* Classes */ = {
			isa = PBXGroup;
			children = (
				61EE70620F02107B005C42F5 /* Pwitter */,
				61D6BE170F077DDE00C6B98D /* MGTwitterEngine */,
				61D9FBC00F04B041003CC890 /* EMKeychain */,
			);
			name = Classes;
			sourceTree = "<group>";
		};
		1058C7A0FEA54F0111CA2CBB /* Linked Frameworks */ = {
			isa = PBXGroup;
			children = (
				61D9FDFC0F04B41C003CC890 /* Security.framework */,
				1058C7A1FEA54F0111CA2CBB /* Cocoa.framework */,
			);
			name = "Linked Frameworks";
			sourceTree = "<group>";
		};
		1058C7A2FEA54F0111CA2CBB /* Other Frameworks */ = {
			isa = PBXGroup;
			children = (
				6190A0990F0AE46100E4F12E /* BGHUDAppKit.framework */,
				61EE70630F0210C0005C42F5 /* libxml2.2.dylib */,
				29B97324FDCFA39411CA2CEA /* AppKit.framework */,
				13E42FB307B3F0F600E4EEF1 /* CoreData.framework */,
				29B97325FDCFA39411CA2CEA /* Foundation.framework */,
			);
			name = "Other Frameworks";
			sourceTree = "<group>";
		};
		19C28FACFE9D520D11CA2CBB /* Products */ = {
			isa = PBXGroup;
			children = (
				8D1107320486CEB800E47090 /* Pwitter.app */,
			);
			name = Products;
			sourceTree = "<group>";
		};
		29B97314FDCFA39411CA2CEA /* Pwitter */ = {
			isa = PBXGroup;
			children = (
				080E96DDFE201D6D7F000001 /* Classes */,
				29B97315FDCFA39411CA2CEA /* Other Sources */,
				29B97317FDCFA39411CA2CEA /* Resources */,
				29B97323FDCFA39411CA2CEA /* Frameworks */,
				19C28FACFE9D520D11CA2CBB /* Products */,
			);
			name = Pwitter;
			sourceTree = "<group>";
		};
		29B97315FDCFA39411CA2CEA /* Other Sources */ = {
			isa = PBXGroup;
			children = (
				32CA4F630368D1EE00C91783 /* Pwitter_Prefix.pch */,
				29B97316FDCFA39411CA2CEA /* main.m */,
			);
			name = "Other Sources";
			sourceTree = "<group>";
		};
		29B97317FDCFA39411CA2CEA /* Resources */ = {
			isa = PBXGroup;
			children = (
				61BD916E0F0B7C7E00F1CA33 /* default.png */,
				612BD68F0F076F8500EF064D /* Pwitter.icns */,
				61A50F510F063ADB009050CC /* console.png */,
				8D1107310486CEB800E47090 /* Info.plist */,
				089C165CFE840E0CC02AAC07 /* InfoPlist.strings */,
				29B97318FDCFA39411CA2CEA /* MainMenu.nib */,
			);
			name = Resources;
			sourceTree = "<group>";
		};
		29B97323FDCFA39411CA2CEA /* Frameworks */ = {
			isa = PBXGroup;
			children = (
				1058C7A0FEA54F0111CA2CBB /* Linked Frameworks */,
				1058C7A2FEA54F0111CA2CBB /* Other Frameworks */,
			);
			name = Frameworks;
			sourceTree = "<group>";
		};
		61D6BE170F077DDE00C6B98D /* MGTwitterEngine */ = {
			isa = PBXGroup;
			children = (
				61D6BE180F077DF300C6B98D /* MGTwitterEngine.h */,
				61D6BE190F077DF300C6B98D /* MGTwitterEngine.m */,
				61D6BE1A0F077DF300C6B98D /* MGTwitterEngineDelegate.h */,
				61D6BE1B0F077DF300C6B98D /* MGTwitterEngineGlobalHeader.h */,
				61D6BE1C0F077DF300C6B98D /* MGTwitterHTTPURLConnection.h */,
				61D6BE1D0F077DF300C6B98D /* MGTwitterHTTPURLConnection.m */,
				61D6BE1E0F077DF300C6B98D /* MGTwitterLibXMLParser.h */,
				61D6BE1F0F077DF300C6B98D /* MGTwitterLibXMLParser.m */,
				61D6BE200F077DF300C6B98D /* MGTwitterMessagesLibXMLParser.h */,
				61D6BE210F077DF300C6B98D /* MGTwitterMessagesLibXMLParser.m */,
				61D6BE220F077DF300C6B98D /* MGTwitterMessagesParser.h */,
				61D6BE230F077DF300C6B98D /* MGTwitterMessagesParser.m */,
				61D6BE240F077DF300C6B98D /* MGTwitterMiscLibXMLParser.h */,
				61D6BE250F077DF300C6B98D /* MGTwitterMiscLibXMLParser.m */,
				61D6BE260F077DF300C6B98D /* MGTwitterMiscParser.h */,
				61D6BE270F077DF300C6B98D /* MGTwitterMiscParser.m */,
				61D6BE280F077DF300C6B98D /* MGTwitterParserDelegate.h */,
				61D6BE290F077DF300C6B98D /* MGTwitterRequestTypes.h */,
				61D6BE2A0F077DF300C6B98D /* MGTwitterStatusesLibXMLParser.h */,
				61D6BE2B0F077DF300C6B98D /* MGTwitterStatusesLibXMLParser.m */,
				61D6BE2C0F077DF300C6B98D /* MGTwitterStatusesParser.h */,
				61D6BE2D0F077DF300C6B98D /* MGTwitterStatusesParser.m */,
				61D6BE2E0F077DF300C6B98D /* MGTwitterUsersLibXMLParser.h */,
				61D6BE2F0F077DF300C6B98D /* MGTwitterUsersLibXMLParser.m */,
				61D6BE300F077DF300C6B98D /* MGTwitterUsersParser.h */,
				61D6BE310F077DF300C6B98D /* MGTwitterUsersParser.m */,
				61D6BE320F077DF300C6B98D /* MGTwitterXMLParser.h */,
				61D6BE330F077DF300C6B98D /* MGTwitterXMLParser.m */,
				61D6BE340F077DF300C6B98D /* NSData+Base64.h */,
				61D6BE350F077DF300C6B98D /* NSData+Base64.m */,
				61D6BE360F077DF300C6B98D /* NSString+UUID.h */,
				61D6BE370F077DF300C6B98D /* NSString+UUID.m */,
			);
			name = MGTwitterEngine;
			sourceTree = "<group>";
		};
		61D9FBC00F04B041003CC890 /* EMKeychain */ = {
			isa = PBXGroup;
			children = (
				61D9FBC30F04B0D9003CC890 /* EMKeychainItem.h */,
				61D9FBC40F04B0D9003CC890 /* EMKeychainItem.m */,
				61D9FBC50F04B0D9003CC890 /* EMKeychainProxy.h */,
				61D9FBC60F04B0D9003CC890 /* EMKeychainProxy.m */,
			);
			name = EMKeychain;
			sourceTree = "<group>";
		};
		61EE70620F02107B005C42F5 /* Pwitter */ = {
			isa = PBXGroup;
			children = (
				61EE713E0F021802005C42F5 /* PTMain.h */,
				61EE713F0F021802005C42F5 /* PTMain.m */,
				610BF8A90F030DFA008D9A3B /* PTStatusBox.h */,
				610BF8AA0F030DFA008D9A3B /* PTStatusBox.m */,
				61C786F20F046622007CBC1A /* PTPreferenceWindow.h */,
				61C786F30F046622007CBC1A /* PTPreferenceWindow.m */,
				61D9FE1A0F04B6DA003CC890 /* PTPreferenceManager.h */,
				61D9FE1B0F04B6DA003CC890 /* PTPreferenceManager.m */,
				61C773BB0F0509F100258650 /* PTStatusEntityView.h */,
				61C773BC0F0509F100258650 /* PTStatusEntityView.m */,
				61C773F60F050BBB00258650 /* PTStatusCollectionItem.h */,
				61C773F70F050BBB00258650 /* PTStatusCollectionItem.m */,
				613460180F0602AB00B422A6 /* PTArrayObserver.h */,
				613460190F0602AB00B422A6 /* PTArrayObserver.m */,
				614393A70F09D23400971122 /* PTEntityBackground.h */,
				614393A80F09D23400971122 /* PTEntityBackground.m */,
				615D39750F0B016F0086E57F /* PTCharacterCounter.h */,
				615D39760F0B016F0086E57F /* PTCharacterCounter.m */,
				611937610F0A47270065B9ED /* PTStatusTextField.h */,
				611937620F0A47270065B9ED /* PTStatusTextField.m */,
				613B64F50F0A45B500B67438 /* PTStatusImageView.h */,
				613B64F60F0A45B500B67438 /* PTStatusImageView.m */,
				61E999780F0D88C800509EE8 /* PTMainWindowDelegate.h */,
				61E999790F0D88C800509EE8 /* PTMainWindowDelegate.m */,
				61C3FB5E0F0CF84B00630209 /* PTSelectedUserNameTextField.h */,
				61C3FB5F0F0CF84B00630209 /* PTSelectedUserNameTextField.m */,
			);
			name = Pwitter;
			sourceTree = "<group>";
		};
/* End PBXGroup section */

/* Begin PBXNativeTarget section */
		8D1107260486CEB800E47090 /* Pwitter */ = {
			isa = PBXNativeTarget;
			buildConfigurationList = C01FCF4A08A954540054247B /* Build configuration list for PBXNativeTarget "Pwitter" */;
			buildPhases = (
				8D1107290486CEB800E47090 /* Resources */,
				8D11072C0486CEB800E47090 /* Sources */,
				8D11072E0486CEB800E47090 /* Frameworks */,
				6190A0C40F0AE4B100E4F12E /* CopyFiles */,
				6190A0FB0F0AFB8400E4F12E /* ShellScript */,
			);
			buildRules = (
			);
			dependencies = (
			);
			name = Pwitter;
			productInstallPath = "$(HOME)/Applications";
			productName = Pwitter;
			productReference = 8D1107320486CEB800E47090 /* Pwitter.app */;
			productType = "com.apple.product-type.application";
		};
/* End PBXNativeTarget section */

/* Begin PBXProject section */
		29B97313FDCFA39411CA2CEA /* Project object */ = {
			isa = PBXProject;
			buildConfigurationList = C01FCF4E08A954540054247B /* Build configuration list for PBXProject "Pwitter" */;
			compatibilityVersion = "Xcode 3.1";
			hasScannedForEncodings = 1;
			mainGroup = 29B97314FDCFA39411CA2CEA /* Pwitter */;
			projectDirPath = "";
			projectRoot = "";
			targets = (
				8D1107260486CEB800E47090 /* Pwitter */,
			);
		};
/* End PBXProject section */

/* Begin PBXResourcesBuildPhase section */
		8D1107290486CEB800E47090 /* Resources */ = {
			isa = PBXResourcesBuildPhase;
			buildActionMask = 2147483647;
			files = (
				8D11072A0486CEB800E47090 /* MainMenu.nib in Resources */,
				8D11072B0486CEB800E47090 /* InfoPlist.strings in Resources */,
				61A50F520F063ADB009050CC /* console.png in Resources */,
				612BD6900F076F8500EF064D /* Pwitter.icns in Resources */,
				61BD916F0F0B7C7E00F1CA33 /* default.png in Resources */,
			);
			runOnlyForDeploymentPostprocessing = 0;
		};
/* End PBXResourcesBuildPhase section */

/* Begin PBXShellScriptBuildPhase section */
		6190A0FB0F0AFB8400E4F12E /* ShellScript */ = {
			isa = PBXShellScriptBuildPhase;
			buildActionMask = 2147483647;
			files = (
			);
			inputPaths = (
			);
			outputPaths = (
			);
			runOnlyForDeploymentPostprocessing = 0;
			shellPath = /bin/sh;
			shellScript = "rm -fR \"${CONFIGURATION_BUILD_DIR}/${WRAPPER_NAME}/Contents/Frameworks/BGHUDAppKit.framework/Versions/Current/Resources\"";
		};
/* End PBXShellScriptBuildPhase section */

/* Begin PBXSourcesBuildPhase section */
		8D11072C0486CEB800E47090 /* Sources */ = {
			isa = PBXSourcesBuildPhase;
			buildActionMask = 2147483647;
			files = (
				8D11072D0486CEB800E47090 /* main.m in Sources */,
				61EE71400F021802005C42F5 /* PTMain.m in Sources */,
				610BF8AB0F030DFA008D9A3B /* PTStatusBox.m in Sources */,
				61C786F40F046622007CBC1A /* PTPreferenceWindow.m in Sources */,
				61D9FBC70F04B0D9003CC890 /* EMKeychainItem.m in Sources */,
				61D9FBC80F04B0D9003CC890 /* EMKeychainProxy.m in Sources */,
				61D9FE1C0F04B6DA003CC890 /* PTPreferenceManager.m in Sources */,
				61C773BD0F0509F100258650 /* PTStatusEntityView.m in Sources */,
				61C773F80F050BBB00258650 /* PTStatusCollectionItem.m in Sources */,
				6134601A0F0602AB00B422A6 /* PTArrayObserver.m in Sources */,
				61D6BE380F077DF300C6B98D /* MGTwitterEngine.m in Sources */,
				61D6BE390F077DF300C6B98D /* MGTwitterHTTPURLConnection.m in Sources */,
				61D6BE3A0F077DF300C6B98D /* MGTwitterLibXMLParser.m in Sources */,
				61D6BE3B0F077DF300C6B98D /* MGTwitterMessagesLibXMLParser.m in Sources */,
				61D6BE3C0F077DF300C6B98D /* MGTwitterMessagesParser.m in Sources */,
				61D6BE3D0F077DF300C6B98D /* MGTwitterMiscLibXMLParser.m in Sources */,
				61D6BE3E0F077DF300C6B98D /* MGTwitterMiscParser.m in Sources */,
				61D6BE3F0F077DF300C6B98D /* MGTwitterStatusesLibXMLParser.m in Sources */,
				61D6BE400F077DF300C6B98D /* MGTwitterStatusesParser.m in Sources */,
				61D6BE410F077DF300C6B98D /* MGTwitterUsersLibXMLParser.m in Sources */,
				61D6BE420F077DF300C6B98D /* MGTwitterUsersParser.m in Sources */,
				61D6BE430F077DF300C6B98D /* MGTwitterXMLParser.m in Sources */,
				61D6BE440F077DF300C6B98D /* NSData+Base64.m in Sources */,
				61D6BE450F077DF300C6B98D /* NSString+UUID.m in Sources */,
				614393A90F09D23400971122 /* PTEntityBackground.m in Sources */,
				613B64F70F0A45B500B67438 /* PTStatusImageView.m in Sources */,
				611937630F0A47270065B9ED /* PTStatusTextField.m in Sources */,
				615D39770F0B016F0086E57F /* PTCharacterCounter.m in Sources */,
				61C3FB600F0CF84B00630209 /* PTSelectedUserNameTextField.m in Sources */,
				61E9997A0F0D88C800509EE8 /* PTMainWindowDelegate.m in Sources */,
			);
			runOnlyForDeploymentPostprocessing = 0;
		};
/* End PBXSourcesBuildPhase section */

/* Begin PBXVariantGroup section */
		089C165CFE840E0CC02AAC07 /* InfoPlist.strings */ = {
			isa = PBXVariantGroup;
			children = (
				089C165DFE840E0CC02AAC07 /* English */,
			);
			name = InfoPlist.strings;
			sourceTree = "<group>";
		};
		29B97318FDCFA39411CA2CEA /* MainMenu.nib */ = {
			isa = PBXVariantGroup;
			children = (
				29B97319FDCFA39411CA2CEA /* English */,
			);
			name = MainMenu.nib;
			sourceTree = "<group>";
		};
/* End PBXVariantGroup section */

/* Begin XCBuildConfiguration section */
		C01FCF4B08A954540054247B /* Debug */ = {
			isa = XCBuildConfiguration;
			buildSettings = {
				COPY_PHASE_STRIP = NO;
				FRAMEWORK_SEARCH_PATHS = (
					"$(inherited)",
					"\"$(SRCROOT)\"",
				);
				GCC_DYNAMIC_NO_PIC = NO;
				GCC_ENABLE_FIX_AND_CONTINUE = YES;
				GCC_MODEL_TUNING = G5;
				GCC_OPTIMIZATION_LEVEL = 0;
				GCC_PRECOMPILE_PREFIX_HEADER = YES;
				GCC_PREFIX_HEADER = Pwitter_Prefix.pch;
				INFOPLIST_FILE = Info.plist;
				INSTALL_PATH = "$(HOME)/Applications";
				PRODUCT_NAME = Pwitter;
				WRAPPER_EXTENSION = app;
				ZERO_LINK = YES;
			};
			name = Debug;
		};
		C01FCF4C08A954540054247B /* Release */ = {
			isa = XCBuildConfiguration;
			buildSettings = {
				DEBUG_INFORMATION_FORMAT = "dwarf-with-dsym";
				FRAMEWORK_SEARCH_PATHS = (
					"$(inherited)",
					"\"$(SRCROOT)\"",
				);
				GCC_MODEL_TUNING = G5;
				GCC_PRECOMPILE_PREFIX_HEADER = YES;
				GCC_PREFIX_HEADER = Pwitter_Prefix.pch;
				INFOPLIST_FILE = Info.plist;
				INSTALL_PATH = "$(HOME)/Applications";
				PRODUCT_NAME = Pwitter;
				WRAPPER_EXTENSION = app;
			};
			name = Release;
		};
		C01FCF4F08A954540054247B /* Debug */ = {
			isa = XCBuildConfiguration;
			buildSettings = {
				GCC_WARN_ABOUT_RETURN_TYPE = YES;
				GCC_WARN_UNUSED_VARIABLE = YES;
				PREBINDING = NO;
				SDKROOT = macosx10.5;
				USER_HEADER_SEARCH_PATHS = /usr/include/libxml2;
			};
			name = Debug;
		};
		C01FCF5008A954540054247B /* Release */ = {
			isa = XCBuildConfiguration;
			buildSettings = {
				ARCHS = (
					ppc,
					i386,
				);
				GCC_ENABLE_OBJC_GC = unsupported;
				GCC_WARN_ABOUT_RETURN_TYPE = YES;
				GCC_WARN_UNUSED_VARIABLE = YES;
				PREBINDING = NO;
				SDKROOT = macosx10.5;
				USER_HEADER_SEARCH_PATHS = /usr/include/libxml2;
			};
			name = Release;
		};
/* End XCBuildConfiguration section */

/* Begin XCConfigurationList section */
		C01FCF4A08A954540054247B /* Build configuration list for PBXNativeTarget "Pwitter" */ = {
			isa = XCConfigurationList;
			buildConfigurations = (
				C01FCF4B08A954540054247B /* Debug */,
				C01FCF4C08A954540054247B /* Release */,
			);
			defaultConfigurationIsVisible = 0;
			defaultConfigurationName = Release;
		};
		C01FCF4E08A954540054247B /* Build configuration list for PBXProject "Pwitter" */ = {
			isa = XCConfigurationList;
			buildConfigurations = (
				C01FCF4F08A954540054247B /* Debug */,
				C01FCF5008A954540054247B /* Release */,
			);
			defaultConfigurationIsVisible = 0;
			defaultConfigurationName = Release;
		};
/* End XCConfigurationList section */
	};
	rootObject = 29B97313FDCFA39411CA2CEA /* Project object */;
}
