// !$*UTF8*$!
{
	archiveVersion = 1;
	classes = {
	};
	objectVersion = 44;
	objects = {

/* Begin PBXBuildFile section */
		610BF8AB0F030DFA008D9A3B /* PTStatusBox.m in Sources */ = {isa = PBXBuildFile; fileRef = 610BF8AA0F030DFA008D9A3B /* PTStatusBox.m */; };
		611A24C80F04481900C6FEB3 /* default.png in Resources */ = {isa = PBXBuildFile; fileRef = 611A24C70F04481900C6FEB3 /* default.png */; };
		612BD6900F076F8500EF064D /* Pwitter.icns in Resources */ = {isa = PBXBuildFile; fileRef = 612BD68F0F076F8500EF064D /* Pwitter.icns */; };
		6134601A0F0602AB00B422A6 /* PTArrayObserver.m in Sources */ = {isa = PBXBuildFile; fileRef = 613460190F0602AB00B422A6 /* PTArrayObserver.m */; };
		613461370F06134900B422A6 /* PTLevelIndicator.m in Sources */ = {isa = PBXBuildFile; fileRef = 613461360F06134900B422A6 /* PTLevelIndicator.m */; };
		61A50F520F063ADB009050CC /* console.png in Resources */ = {isa = PBXBuildFile; fileRef = 61A50F510F063ADB009050CC /* console.png */; };
		61C773BD0F0509F100258650 /* PTStatusEntityView.m in Sources */ = {isa = PBXBuildFile; fileRef = 61C773BC0F0509F100258650 /* PTStatusEntityView.m */; };
		61C773F80F050BBB00258650 /* PTStatusCollectionItem.m in Sources */ = {isa = PBXBuildFile; fileRef = 61C773F70F050BBB00258650 /* PTStatusCollectionItem.m */; };
		61C786F40F046622007CBC1A /* PTPreferenceWindow.m in Sources */ = {isa = PBXBuildFile; fileRef = 61C786F30F046622007CBC1A /* PTPreferenceWindow.m */; };
		61D9FBC70F04B0D9003CC890 /* EMKeychainItem.m in Sources */ = {isa = PBXBuildFile; fileRef = 61D9FBC40F04B0D9003CC890 /* EMKeychainItem.m */; };
		61D9FBC80F04B0D9003CC890 /* EMKeychainProxy.m in Sources */ = {isa = PBXBuildFile; fileRef = 61D9FBC60F04B0D9003CC890 /* EMKeychainProxy.m */; };
		61D9FDFD0F04B41C003CC890 /* Security.framework in Frameworks */ = {isa = PBXBuildFile; fileRef = 61D9FDFC0F04B41C003CC890 /* Security.framework */; };
		61D9FE1C0F04B6DA003CC890 /* PTPreferenceManager.m in Sources */ = {isa = PBXBuildFile; fileRef = 61D9FE1B0F04B6DA003CC890 /* PTPreferenceManager.m */; };
		61EE703E0F020FB8005C42F5 /* MGTwitterXMLParser.m in Sources */ = {isa = PBXBuildFile; fileRef = 61EE70330F020FB8005C42F5 /* MGTwitterXMLParser.m */; };
		61EE703F0F020FB8005C42F5 /* MGTwitterUsersParser.m in Sources */ = {isa = PBXBuildFile; fileRef = 61EE70350F020FB8005C42F5 /* MGTwitterUsersParser.m */; };
		61EE70400F020FB8005C42F5 /* MGTwitterStatusesParser.m in Sources */ = {isa = PBXBuildFile; fileRef = 61EE70370F020FB8005C42F5 /* MGTwitterStatusesParser.m */; };
		61EE70410F020FB8005C42F5 /* MGTwitterMiscParser.m in Sources */ = {isa = PBXBuildFile; fileRef = 61EE703A0F020FB8005C42F5 /* MGTwitterMiscParser.m */; };
		61EE70420F020FB8005C42F5 /* MGTwitterMessagesParser.m in Sources */ = {isa = PBXBuildFile; fileRef = 61EE703D0F020FB8005C42F5 /* MGTwitterMessagesParser.m */; };
		61EE704D0F020FF5005C42F5 /* MGTwitterUsersLibXMLParser.m in Sources */ = {isa = PBXBuildFile; fileRef = 61EE70430F020FF5005C42F5 /* MGTwitterUsersLibXMLParser.m */; };
		61EE704E0F020FF5005C42F5 /* MGTwitterLibXMLParser.m in Sources */ = {isa = PBXBuildFile; fileRef = 61EE70460F020FF5005C42F5 /* MGTwitterLibXMLParser.m */; };
		61EE704F0F020FF5005C42F5 /* MGTwitterStatusesLibXMLParser.m in Sources */ = {isa = PBXBuildFile; fileRef = 61EE70470F020FF5005C42F5 /* MGTwitterStatusesLibXMLParser.m */; };
		61EE70500F020FF5005C42F5 /* MGTwitterMessagesLibXMLParser.m in Sources */ = {isa = PBXBuildFile; fileRef = 61EE704A0F020FF5005C42F5 /* MGTwitterMessagesLibXMLParser.m */; };
		61EE70510F020FF5005C42F5 /* MGTwitterMiscLibXMLParser.m in Sources */ = {isa = PBXBuildFile; fileRef = 61EE704B0F020FF5005C42F5 /* MGTwitterMiscLibXMLParser.m */; };
		61EE70590F021012005C42F5 /* MGTwitterEngine.m in Sources */ = {isa = PBXBuildFile; fileRef = 61EE70520F021012005C42F5 /* MGTwitterEngine.m */; };
		61EE705A0F021012005C42F5 /* MGTwitterHTTPURLConnection.m in Sources */ = {isa = PBXBuildFile; fileRef = 61EE70580F021012005C42F5 /* MGTwitterHTTPURLConnection.m */; };
		61EE70600F021055005C42F5 /* NSString+UUID.m in Sources */ = {isa = PBXBuildFile; fileRef = 61EE705C0F021055005C42F5 /* NSString+UUID.m */; };
		61EE70610F021055005C42F5 /* NSData+Base64.m in Sources */ = {isa = PBXBuildFile; fileRef = 61EE705E0F021055005C42F5 /* NSData+Base64.m */; };
		61EE70640F0210C0005C42F5 /* libxml2.2.dylib in Frameworks */ = {isa = PBXBuildFile; fileRef = 61EE70630F0210C0005C42F5 /* libxml2.2.dylib */; };
		61EE71400F021802005C42F5 /* PTMain.m in Sources */ = {isa = PBXBuildFile; fileRef = 61EE713F0F021802005C42F5 /* PTMain.m */; };
		8D11072A0486CEB800E47090 /* MainMenu.nib in Resources */ = {isa = PBXBuildFile; fileRef = 29B97318FDCFA39411CA2CEA /* MainMenu.nib */; };
		8D11072B0486CEB800E47090 /* InfoPlist.strings in Resources */ = {isa = PBXBuildFile; fileRef = 089C165CFE840E0CC02AAC07 /* InfoPlist.strings */; };
		8D11072D0486CEB800E47090 /* main.m in Sources */ = {isa = PBXBuildFile; fileRef = 29B97316FDCFA39411CA2CEA /* main.m */; settings = {ATTRIBUTES = (); }; };
		8D11072F0486CEB800E47090 /* Cocoa.framework in Frameworks */ = {isa = PBXBuildFile; fileRef = 1058C7A1FEA54F0111CA2CBB /* Cocoa.framework */; };
/* End PBXBuildFile section */

/* Begin PBXFileReference section */
		089C165DFE840E0CC02AAC07 /* English */ = {isa = PBXFileReference; fileEncoding = 10; lastKnownFileType = text.plist.strings; name = English; path = English.lproj/InfoPlist.strings; sourceTree = "<group>"; };
		1058C7A1FEA54F0111CA2CBB /* Cocoa.framework */ = {isa = PBXFileReference; lastKnownFileType = wrapper.framework; name = Cocoa.framework; path = /System/Library/Frameworks/Cocoa.framework; sourceTree = "<absolute>"; };
		13E42FB307B3F0F600E4EEF1 /* CoreData.framework */ = {isa = PBXFileReference; lastKnownFileType = wrapper.framework; name = CoreData.framework; path = /System/Library/Frameworks/CoreData.framework; sourceTree = "<absolute>"; };
		29B97316FDCFA39411CA2CEA /* main.m */ = {isa = PBXFileReference; fileEncoding = 4; lastKnownFileType = sourcecode.c.objc; path = main.m; sourceTree = "<group>"; };
		29B97319FDCFA39411CA2CEA /* English */ = {isa = PBXFileReference; lastKnownFileType = wrapper.nib; name = English; path = English.lproj/MainMenu.nib; sourceTree = "<group>"; };
		29B97324FDCFA39411CA2CEA /* AppKit.framework */ = {isa = PBXFileReference; lastKnownFileType = wrapper.framework; name = AppKit.framework; path = /System/Library/Frameworks/AppKit.framework; sourceTree = "<absolute>"; };
		29B97325FDCFA39411CA2CEA /* Foundation.framework */ = {isa = PBXFileReference; lastKnownFileType = wrapper.framework; name = Foundation.framework; path = /System/Library/Frameworks/Foundation.framework; sourceTree = "<absolute>"; };
		32CA4F630368D1EE00C91783 /* Pwitter_Prefix.pch */ = {isa = PBXFileReference; fileEncoding = 4; lastKnownFileType = sourcecode.c.h; path = Pwitter_Prefix.pch; sourceTree = "<group>"; };
		610BF8A90F030DFA008D9A3B /* PTStatusBox.h */ = {isa = PBXFileReference; fileEncoding = 4; lastKnownFileType = sourcecode.c.h; path = PTStatusBox.h; sourceTree = "<group>"; };
		610BF8AA0F030DFA008D9A3B /* PTStatusBox.m */ = {isa = PBXFileReference; fileEncoding = 4; lastKnownFileType = sourcecode.c.objc; path = PTStatusBox.m; sourceTree = "<group>"; };
		611A24C70F04481900C6FEB3 /* default.png */ = {isa = PBXFileReference; lastKnownFileType = image.png; path = default.png; sourceTree = "<group>"; };
		612BD68F0F076F8500EF064D /* Pwitter.icns */ = {isa = PBXFileReference; lastKnownFileType = image.icns; path = Pwitter.icns; sourceTree = "<group>"; };
		613460180F0602AB00B422A6 /* PTArrayObserver.h */ = {isa = PBXFileReference; fileEncoding = 4; lastKnownFileType = sourcecode.c.h; path = PTArrayObserver.h; sourceTree = "<group>"; };
		613460190F0602AB00B422A6 /* PTArrayObserver.m */ = {isa = PBXFileReference; fileEncoding = 4; lastKnownFileType = sourcecode.c.objc; path = PTArrayObserver.m; sourceTree = "<group>"; };
		613461350F06134900B422A6 /* PTLevelIndicator.h */ = {isa = PBXFileReference; fileEncoding = 4; lastKnownFileType = sourcecode.c.h; path = PTLevelIndicator.h; sourceTree = "<group>"; };
		613461360F06134900B422A6 /* PTLevelIndicator.m */ = {isa = PBXFileReference; fileEncoding = 4; lastKnownFileType = sourcecode.c.objc; path = PTLevelIndicator.m; sourceTree = "<group>"; };
		61A50F510F063ADB009050CC /* console.png */ = {isa = PBXFileReference; lastKnownFileType = image.png; path = console.png; sourceTree = "<group>"; };
		61C773BB0F0509F100258650 /* PTStatusEntityView.h */ = {isa = PBXFileReference; fileEncoding = 4; lastKnownFileType = sourcecode.c.h; path = PTStatusEntityView.h; sourceTree = "<group>"; };
		61C773BC0F0509F100258650 /* PTStatusEntityView.m */ = {isa = PBXFileReference; fileEncoding = 4; lastKnownFileType = sourcecode.c.objc; path = PTStatusEntityView.m; sourceTree = "<group>"; };
		61C773F60F050BBB00258650 /* PTStatusCollectionItem.h */ = {isa = PBXFileReference; fileEncoding = 4; lastKnownFileType = sourcecode.c.h; path = PTStatusCollectionItem.h; sourceTree = "<group>"; };
		61C773F70F050BBB00258650 /* PTStatusCollectionItem.m */ = {isa = PBXFileReference; fileEncoding = 4; lastKnownFileType = sourcecode.c.objc; path = PTStatusCollectionItem.m; sourceTree = "<group>"; };
		61C786F20F046622007CBC1A /* PTPreferenceWindow.h */ = {isa = PBXFileReference; fileEncoding = 4; lastKnownFileType = sourcecode.c.h; path = PTPreferenceWindow.h; sourceTree = "<group>"; };
		61C786F30F046622007CBC1A /* PTPreferenceWindow.m */ = {isa = PBXFileReference; fileEncoding = 4; lastKnownFileType = sourcecode.c.objc; path = PTPreferenceWindow.m; sourceTree = "<group>"; };
		61D9FBC30F04B0D9003CC890 /* EMKeychainItem.h */ = {isa = PBXFileReference; fileEncoding = 4; lastKnownFileType = sourcecode.c.h; path = EMKeychainItem.h; sourceTree = "<group>"; };
		61D9FBC40F04B0D9003CC890 /* EMKeychainItem.m */ = {isa = PBXFileReference; fileEncoding = 4; lastKnownFileType = sourcecode.c.objc; path = EMKeychainItem.m; sourceTree = "<group>"; };
		61D9FBC50F04B0D9003CC890 /* EMKeychainProxy.h */ = {isa = PBXFileReference; fileEncoding = 4; lastKnownFileType = sourcecode.c.h; path = EMKeychainProxy.h; sourceTree = "<group>"; };
		61D9FBC60F04B0D9003CC890 /* EMKeychainProxy.m */ = {isa = PBXFileReference; fileEncoding = 4; lastKnownFileType = sourcecode.c.objc; path = EMKeychainProxy.m; sourceTree = "<group>"; };
		61D9FDFC0F04B41C003CC890 /* Security.framework */ = {isa = PBXFileReference; lastKnownFileType = wrapper.framework; name = Security.framework; path = /System/Library/Frameworks/Security.framework; sourceTree = "<absolute>"; };
		61D9FE1A0F04B6DA003CC890 /* PTPreferenceManager.h */ = {isa = PBXFileReference; fileEncoding = 4; lastKnownFileType = sourcecode.c.h; path = PTPreferenceManager.h; sourceTree = "<group>"; };
		61D9FE1B0F04B6DA003CC890 /* PTPreferenceManager.m */ = {isa = PBXFileReference; fileEncoding = 4; lastKnownFileType = sourcecode.c.objc; path = PTPreferenceManager.m; sourceTree = "<group>"; };
		61EE70330F020FB8005C42F5 /* MGTwitterXMLParser.m */ = {isa = PBXFileReference; fileEncoding = 4; lastKnownFileType = sourcecode.c.objc; path = MGTwitterXMLParser.m; sourceTree = "<group>"; };
		61EE70340F020FB8005C42F5 /* MGTwitterXMLParser.h */ = {isa = PBXFileReference; fileEncoding = 4; lastKnownFileType = sourcecode.c.h; path = MGTwitterXMLParser.h; sourceTree = "<group>"; };
		61EE70350F020FB8005C42F5 /* MGTwitterUsersParser.m */ = {isa = PBXFileReference; fileEncoding = 4; lastKnownFileType = sourcecode.c.objc; path = MGTwitterUsersParser.m; sourceTree = "<group>"; };
		61EE70360F020FB8005C42F5 /* MGTwitterUsersParser.h */ = {isa = PBXFileReference; fileEncoding = 4; lastKnownFileType = sourcecode.c.h; path = MGTwitterUsersParser.h; sourceTree = "<group>"; };
		61EE70370F020FB8005C42F5 /* MGTwitterStatusesParser.m */ = {isa = PBXFileReference; fileEncoding = 4; lastKnownFileType = sourcecode.c.objc; path = MGTwitterStatusesParser.m; sourceTree = "<group>"; };
		61EE70380F020FB8005C42F5 /* MGTwitterStatusesParser.h */ = {isa = PBXFileReference; fileEncoding = 4; lastKnownFileType = sourcecode.c.h; path = MGTwitterStatusesParser.h; sourceTree = "<group>"; };
		61EE70390F020FB8005C42F5 /* MGTwitterParserDelegate.h */ = {isa = PBXFileReference; fileEncoding = 4; lastKnownFileType = sourcecode.c.h; path = MGTwitterParserDelegate.h; sourceTree = "<group>"; };
		61EE703A0F020FB8005C42F5 /* MGTwitterMiscParser.m */ = {isa = PBXFileReference; fileEncoding = 4; lastKnownFileType = sourcecode.c.objc; path = MGTwitterMiscParser.m; sourceTree = "<group>"; };
		61EE703B0F020FB8005C42F5 /* MGTwitterMiscParser.h */ = {isa = PBXFileReference; fileEncoding = 4; lastKnownFileType = sourcecode.c.h; path = MGTwitterMiscParser.h; sourceTree = "<group>"; };
		61EE703C0F020FB8005C42F5 /* MGTwitterMessagesParser.h */ = {isa = PBXFileReference; fileEncoding = 4; lastKnownFileType = sourcecode.c.h; path = MGTwitterMessagesParser.h; sourceTree = "<group>"; };
		61EE703D0F020FB8005C42F5 /* MGTwitterMessagesParser.m */ = {isa = PBXFileReference; fileEncoding = 4; lastKnownFileType = sourcecode.c.objc; path = MGTwitterMessagesParser.m; sourceTree = "<group>"; };
		61EE70430F020FF5005C42F5 /* MGTwitterUsersLibXMLParser.m */ = {isa = PBXFileReference; fileEncoding = 4; lastKnownFileType = sourcecode.c.objc; path = MGTwitterUsersLibXMLParser.m; sourceTree = "<group>"; };
		61EE70440F020FF5005C42F5 /* MGTwitterUsersLibXMLParser.h */ = {isa = PBXFileReference; fileEncoding = 4; lastKnownFileType = sourcecode.c.h; path = MGTwitterUsersLibXMLParser.h; sourceTree = "<group>"; };
		61EE70450F020FF5005C42F5 /* MGTwitterMiscLibXMLParser.h */ = {isa = PBXFileReference; fileEncoding = 4; lastKnownFileType = sourcecode.c.h; path = MGTwitterMiscLibXMLParser.h; sourceTree = "<group>"; };
		61EE70460F020FF5005C42F5 /* MGTwitterLibXMLParser.m */ = {isa = PBXFileReference; fileEncoding = 4; lastKnownFileType = sourcecode.c.objc; path = MGTwitterLibXMLParser.m; sourceTree = "<group>"; };
		61EE70470F020FF5005C42F5 /* MGTwitterStatusesLibXMLParser.m */ = {isa = PBXFileReference; fileEncoding = 4; lastKnownFileType = sourcecode.c.objc; path = MGTwitterStatusesLibXMLParser.m; sourceTree = "<group>"; };
		61EE70480F020FF5005C42F5 /* MGTwitterStatusesLibXMLParser.h */ = {isa = PBXFileReference; fileEncoding = 4; lastKnownFileType = sourcecode.c.h; path = MGTwitterStatusesLibXMLParser.h; sourceTree = "<group>"; };
		61EE70490F020FF5005C42F5 /* MGTwitterMessagesLibXMLParser.h */ = {isa = PBXFileReference; fileEncoding = 4; lastKnownFileType = sourcecode.c.h; path = MGTwitterMessagesLibXMLParser.h; sourceTree = "<group>"; };
		61EE704A0F020FF5005C42F5 /* MGTwitterMessagesLibXMLParser.m */ = {isa = PBXFileReference; fileEncoding = 4; lastKnownFileType = sourcecode.c.objc; path = MGTwitterMessagesLibXMLParser.m; sourceTree = "<group>"; };
		61EE704B0F020FF5005C42F5 /* MGTwitterMiscLibXMLParser.m */ = {isa = PBXFileReference; fileEncoding = 4; lastKnownFileType = sourcecode.c.objc; path = MGTwitterMiscLibXMLParser.m; sourceTree = "<group>"; };
		61EE704C0F020FF5005C42F5 /* MGTwitterLibXMLParser.h */ = {isa = PBXFileReference; fileEncoding = 4; lastKnownFileType = sourcecode.c.h; path = MGTwitterLibXMLParser.h; sourceTree = "<group>"; };
		61EE70520F021012005C42F5 /* MGTwitterEngine.m */ = {isa = PBXFileReference; fileEncoding = 4; lastKnownFileType = sourcecode.c.objc; path = MGTwitterEngine.m; sourceTree = "<group>"; };
		61EE70530F021012005C42F5 /* MGTwitterEngine.h */ = {isa = PBXFileReference; fileEncoding = 4; lastKnownFileType = sourcecode.c.h; path = MGTwitterEngine.h; sourceTree = "<group>"; };
		61EE70540F021012005C42F5 /* MGTwitterEngineDelegate.h */ = {isa = PBXFileReference; fileEncoding = 4; lastKnownFileType = sourcecode.c.h; path = MGTwitterEngineDelegate.h; sourceTree = "<group>"; };
		61EE70550F021012005C42F5 /* MGTwitterEngineGlobalHeader.h */ = {isa = PBXFileReference; fileEncoding = 4; lastKnownFileType = sourcecode.c.h; path = MGTwitterEngineGlobalHeader.h; sourceTree = "<group>"; };
		61EE70560F021012005C42F5 /* MGTwitterHTTPURLConnection.h */ = {isa = PBXFileReference; fileEncoding = 4; lastKnownFileType = sourcecode.c.h; path = MGTwitterHTTPURLConnection.h; sourceTree = "<group>"; };
		61EE70570F021012005C42F5 /* MGTwitterRequestTypes.h */ = {isa = PBXFileReference; fileEncoding = 4; lastKnownFileType = sourcecode.c.h; path = MGTwitterRequestTypes.h; sourceTree = "<group>"; };
		61EE70580F021012005C42F5 /* MGTwitterHTTPURLConnection.m */ = {isa = PBXFileReference; fileEncoding = 4; lastKnownFileType = sourcecode.c.objc; path = MGTwitterHTTPURLConnection.m; sourceTree = "<group>"; };
		61EE705C0F021055005C42F5 /* NSString+UUID.m */ = {isa = PBXFileReference; fileEncoding = 4; lastKnownFileType = sourcecode.c.objc; path = "NSString+UUID.m"; sourceTree = "<group>"; };
		61EE705D0F021055005C42F5 /* NSString+UUID.h */ = {isa = PBXFileReference; fileEncoding = 4; lastKnownFileType = sourcecode.c.h; path = "NSString+UUID.h"; sourceTree = "<group>"; };
		61EE705E0F021055005C42F5 /* NSData+Base64.m */ = {isa = PBXFileReference; fileEncoding = 4; lastKnownFileType = sourcecode.c.objc; path = "NSData+Base64.m"; sourceTree = "<group>"; };
		61EE705F0F021055005C42F5 /* NSData+Base64.h */ = {isa = PBXFileReference; fileEncoding = 4; lastKnownFileType = sourcecode.c.h; path = "NSData+Base64.h"; sourceTree = "<group>"; };
		61EE70630F0210C0005C42F5 /* libxml2.2.dylib */ = {isa = PBXFileReference; lastKnownFileType = "compiled.mach-o.dylib"; name = libxml2.2.dylib; path = /usr/lib/libxml2.2.dylib; sourceTree = "<absolute>"; };
		61EE713E0F021802005C42F5 /* PTMain.h */ = {isa = PBXFileReference; fileEncoding = 4; lastKnownFileType = sourcecode.c.h; path = PTMain.h; sourceTree = "<group>"; };
		61EE713F0F021802005C42F5 /* PTMain.m */ = {isa = PBXFileReference; fileEncoding = 4; lastKnownFileType = sourcecode.c.objc; path = PTMain.m; sourceTree = "<group>"; };
		8D1107310486CEB800E47090 /* Info.plist */ = {isa = PBXFileReference; fileEncoding = 4; lastKnownFileType = text.plist.xml; path = Info.plist; sourceTree = "<group>"; };
		8D1107320486CEB800E47090 /* Pwitter.app */ = {isa = PBXFileReference; explicitFileType = wrapper.application; includeInIndex = 0; path = Pwitter.app; sourceTree = BUILT_PRODUCTS_DIR; };
/* End PBXFileReference section */

/* Begin PBXFrameworksBuildPhase section */
		8D11072E0486CEB800E47090 /* Frameworks */ = {
			isa = PBXFrameworksBuildPhase;
			buildActionMask = 2147483647;
			files = (
				8D11072F0486CEB800E47090 /* Cocoa.framework in Frameworks */,
				61EE70640F0210C0005C42F5 /* libxml2.2.dylib in Frameworks */,
				61D9FDFD0F04B41C003CC890 /* Security.framework in Frameworks */,
			);
			runOnlyForDeploymentPostprocessing = 0;
		};
/* End PBXFrameworksBuildPhase section */

/* Begin PBXGroup section */
		080E96DDFE201D6D7F000001 /* Classes */ = {
			isa = PBXGroup;
			children = (
				61D9FBC00F04B041003CC890 /* EMKeychain */,
				61EE70620F02107B005C42F5 /* Pwitter */,
				61EE70300F020EED005C42F5 /* MATwitterEngine */,
			);
			name = Classes;
			sourceTree = "<group>";
		};
		1058C7A0FEA54F0111CA2CBB /* Linked Frameworks */ = {
			isa = PBXGroup;
			children = (
				61D9FDFC0F04B41C003CC890 /* Security.framework */,
				1058C7A1FEA54F0111CA2CBB /* Cocoa.framework */,
			);
			name = "Linked Frameworks";
			sourceTree = "<group>";
		};
		1058C7A2FEA54F0111CA2CBB /* Other Frameworks */ = {
			isa = PBXGroup;
			children = (
				61EE70630F0210C0005C42F5 /* libxml2.2.dylib */,
				29B97324FDCFA39411CA2CEA /* AppKit.framework */,
				13E42FB307B3F0F600E4EEF1 /* CoreData.framework */,
				29B97325FDCFA39411CA2CEA /* Foundation.framework */,
			);
			name = "Other Frameworks";
			sourceTree = "<group>";
		};
		19C28FACFE9D520D11CA2CBB /* Products */ = {
			isa = PBXGroup;
			children = (
				8D1107320486CEB800E47090 /* Pwitter.app */,
			);
			name = Products;
			sourceTree = "<group>";
		};
		29B97314FDCFA39411CA2CEA /* Pwitter */ = {
			isa = PBXGroup;
			children = (
				080E96DDFE201D6D7F000001 /* Classes */,
				29B97315FDCFA39411CA2CEA /* Other Sources */,
				29B97317FDCFA39411CA2CEA /* Resources */,
				29B97323FDCFA39411CA2CEA /* Frameworks */,
				19C28FACFE9D520D11CA2CBB /* Products */,
			);
			name = Pwitter;
			sourceTree = "<group>";
		};
		29B97315FDCFA39411CA2CEA /* Other Sources */ = {
			isa = PBXGroup;
			children = (
				32CA4F630368D1EE00C91783 /* Pwitter_Prefix.pch */,
				29B97316FDCFA39411CA2CEA /* main.m */,
			);
			name = "Other Sources";
			sourceTree = "<group>";
		};
		29B97317FDCFA39411CA2CEA /* Resources */ = {
			isa = PBXGroup;
			children = (
				612BD68F0F076F8500EF064D /* Pwitter.icns */,
				61A50F510F063ADB009050CC /* console.png */,
				611A24C70F04481900C6FEB3 /* default.png */,
				8D1107310486CEB800E47090 /* Info.plist */,
				089C165CFE840E0CC02AAC07 /* InfoPlist.strings */,
				29B97318FDCFA39411CA2CEA /* MainMenu.nib */,
			);
			name = Resources;
			sourceTree = "<group>";
		};
		29B97323FDCFA39411CA2CEA /* Frameworks */ = {
			isa = PBXGroup;
			children = (
				1058C7A0FEA54F0111CA2CBB /* Linked Frameworks */,
				1058C7A2FEA54F0111CA2CBB /* Other Frameworks */,
			);
			name = Frameworks;
			sourceTree = "<group>";
		};
		61D9FBC00F04B041003CC890 /* EMKeychain */ = {
			isa = PBXGroup;
			children = (
				61D9FBC30F04B0D9003CC890 /* EMKeychainItem.h */,
				61D9FBC40F04B0D9003CC890 /* EMKeychainItem.m */,
				61D9FBC50F04B0D9003CC890 /* EMKeychainProxy.h */,
				61D9FBC60F04B0D9003CC890 /* EMKeychainProxy.m */,
			);
			name = EMKeychain;
			sourceTree = "<group>";
		};
		61EE70300F020EED005C42F5 /* MATwitterEngine */ = {
			isa = PBXGroup;
			children = (
				61EE70520F021012005C42F5 /* MGTwitterEngine.m */,
				61EE70530F021012005C42F5 /* MGTwitterEngine.h */,
				61EE70540F021012005C42F5 /* MGTwitterEngineDelegate.h */,
				61EE70550F021012005C42F5 /* MGTwitterEngineGlobalHeader.h */,
				61EE70560F021012005C42F5 /* MGTwitterHTTPURLConnection.h */,
				61EE70570F021012005C42F5 /* MGTwitterRequestTypes.h */,
				61EE70580F021012005C42F5 /* MGTwitterHTTPURLConnection.m */,
				61EE70320F020F21005C42F5 /* Twitter NSXML Parsers */,
				61EE70310F020F19005C42F5 /* Twitter LibXML Parsers */,
				61EE705B0F02103A005C42F5 /* Categories */,
			);
			name = MATwitterEngine;
			sourceTree = "<group>";
		};
		61EE70310F020F19005C42F5 /* Twitter LibXML Parsers */ = {
			isa = PBXGroup;
			children = (
				61EE70430F020FF5005C42F5 /* MGTwitterUsersLibXMLParser.m */,
				61EE70440F020FF5005C42F5 /* MGTwitterUsersLibXMLParser.h */,
				61EE70450F020FF5005C42F5 /* MGTwitterMiscLibXMLParser.h */,
				61EE70460F020FF5005C42F5 /* MGTwitterLibXMLParser.m */,
				61EE70470F020FF5005C42F5 /* MGTwitterStatusesLibXMLParser.m */,
				61EE70480F020FF5005C42F5 /* MGTwitterStatusesLibXMLParser.h */,
				61EE70490F020FF5005C42F5 /* MGTwitterMessagesLibXMLParser.h */,
				61EE704A0F020FF5005C42F5 /* MGTwitterMessagesLibXMLParser.m */,
				61EE704B0F020FF5005C42F5 /* MGTwitterMiscLibXMLParser.m */,
				61EE704C0F020FF5005C42F5 /* MGTwitterLibXMLParser.h */,
			);
			name = "Twitter LibXML Parsers";
			sourceTree = "<group>";
		};
		61EE70320F020F21005C42F5 /* Twitter NSXML Parsers */ = {
			isa = PBXGroup;
			children = (
				61EE70330F020FB8005C42F5 /* MGTwitterXMLParser.m */,
				61EE70340F020FB8005C42F5 /* MGTwitterXMLParser.h */,
				61EE70350F020FB8005C42F5 /* MGTwitterUsersParser.m */,
				61EE70360F020FB8005C42F5 /* MGTwitterUsersParser.h */,
				61EE70370F020FB8005C42F5 /* MGTwitterStatusesParser.m */,
				61EE70380F020FB8005C42F5 /* MGTwitterStatusesParser.h */,
				61EE70390F020FB8005C42F5 /* MGTwitterParserDelegate.h */,
				61EE703A0F020FB8005C42F5 /* MGTwitterMiscParser.m */,
				61EE703B0F020FB8005C42F5 /* MGTwitterMiscParser.h */,
				61EE703C0F020FB8005C42F5 /* MGTwitterMessagesParser.h */,
				61EE703D0F020FB8005C42F5 /* MGTwitterMessagesParser.m */,
			);
			name = "Twitter NSXML Parsers";
			sourceTree = "<group>";
		};
		61EE705B0F02103A005C42F5 /* Categories */ = {
			isa = PBXGroup;
			children = (
				61EE705C0F021055005C42F5 /* NSString+UUID.m */,
				61EE705D0F021055005C42F5 /* NSString+UUID.h */,
				61EE705E0F021055005C42F5 /* NSData+Base64.m */,
				61EE705F0F021055005C42F5 /* NSData+Base64.h */,
			);
			name = Categories;
			sourceTree = "<group>";
		};
		61EE70620F02107B005C42F5 /* Pwitter */ = {
			isa = PBXGroup;
			children = (
				61EE713E0F021802005C42F5 /* PTMain.h */,
				61EE713F0F021802005C42F5 /* PTMain.m */,
				610BF8A90F030DFA008D9A3B /* PTStatusBox.h */,
				610BF8AA0F030DFA008D9A3B /* PTStatusBox.m */,
				61C786F20F046622007CBC1A /* PTPreferenceWindow.h */,
				61C786F30F046622007CBC1A /* PTPreferenceWindow.m */,
				61D9FE1A0F04B6DA003CC890 /* PTPreferenceManager.h */,
				61D9FE1B0F04B6DA003CC890 /* PTPreferenceManager.m */,
				61C773BB0F0509F100258650 /* PTStatusEntityView.h */,
				61C773BC0F0509F100258650 /* PTStatusEntityView.m */,
				61C773F60F050BBB00258650 /* PTStatusCollectionItem.h */,
				61C773F70F050BBB00258650 /* PTStatusCollectionItem.m */,
				613460180F0602AB00B422A6 /* PTArrayObserver.h */,
				613460190F0602AB00B422A6 /* PTArrayObserver.m */,
				613461350F06134900B422A6 /* PTLevelIndicator.h */,
				613461360F06134900B422A6 /* PTLevelIndicator.m */,
			);
			name = Pwitter;
			sourceTree = "<group>";
		};
/* End PBXGroup section */

/* Begin PBXNativeTarget section */
		8D1107260486CEB800E47090 /* Pwitter */ = {
			isa = PBXNativeTarget;
			buildConfigurationList = C01FCF4A08A954540054247B /* Build configuration list for PBXNativeTarget "Pwitter" */;
			buildPhases = (
				8D1107290486CEB800E47090 /* Resources */,
				8D11072C0486CEB800E47090 /* Sources */,
				8D11072E0486CEB800E47090 /* Frameworks */,
			);
			buildRules = (
			);
			dependencies = (
			);
			name = Pwitter;
			productInstallPath = "$(HOME)/Applications";
			productName = Pwitter;
			productReference = 8D1107320486CEB800E47090 /* Pwitter.app */;
			productType = "com.apple.product-type.application";
		};
/* End PBXNativeTarget section */

/* Begin PBXProject section */
		29B97313FDCFA39411CA2CEA /* Project object */ = {
			isa = PBXProject;
			buildConfigurationList = C01FCF4E08A954540054247B /* Build configuration list for PBXProject "Pwitter" */;
			compatibilityVersion = "Xcode 3.0";
			hasScannedForEncodings = 1;
			mainGroup = 29B97314FDCFA39411CA2CEA /* Pwitter */;
			projectDirPath = "";
			projectRoot = "";
			targets = (
				8D1107260486CEB800E47090 /* Pwitter */,
			);
		};
/* End PBXProject section */

/* Begin PBXResourcesBuildPhase section */
		8D1107290486CEB800E47090 /* Resources */ = {
			isa = PBXResourcesBuildPhase;
			buildActionMask = 2147483647;
			files = (
				8D11072A0486CEB800E47090 /* MainMenu.nib in Resources */,
				8D11072B0486CEB800E47090 /* InfoPlist.strings in Resources */,
				611A24C80F04481900C6FEB3 /* default.png in Resources */,
				61A50F520F063ADB009050CC /* console.png in Resources */,
				612BD6900F076F8500EF064D /* Pwitter.icns in Resources */,
			);
			runOnlyForDeploymentPostprocessing = 0;
		};
/* End PBXResourcesBuildPhase section */

/* Begin PBXSourcesBuildPhase section */
		8D11072C0486CEB800E47090 /* Sources */ = {
			isa = PBXSourcesBuildPhase;
			buildActionMask = 2147483647;
			files = (
				8D11072D0486CEB800E47090 /* main.m in Sources */,
				61EE703E0F020FB8005C42F5 /* MGTwitterXMLParser.m in Sources */,
				61EE703F0F020FB8005C42F5 /* MGTwitterUsersParser.m in Sources */,
				61EE70400F020FB8005C42F5 /* MGTwitterStatusesParser.m in Sources */,
				61EE70410F020FB8005C42F5 /* MGTwitterMiscParser.m in Sources */,
				61EE70420F020FB8005C42F5 /* MGTwitterMessagesParser.m in Sources */,
				61EE704D0F020FF5005C42F5 /* MGTwitterUsersLibXMLParser.m in Sources */,
				61EE704E0F020FF5005C42F5 /* MGTwitterLibXMLParser.m in Sources */,
				61EE704F0F020FF5005C42F5 /* MGTwitterStatusesLibXMLParser.m in Sources */,
				61EE70500F020FF5005C42F5 /* MGTwitterMessagesLibXMLParser.m in Sources */,
				61EE70510F020FF5005C42F5 /* MGTwitterMiscLibXMLParser.m in Sources */,
				61EE70590F021012005C42F5 /* MGTwitterEngine.m in Sources */,
				61EE705A0F021012005C42F5 /* MGTwitterHTTPURLConnection.m in Sources */,
				61EE70600F021055005C42F5 /* NSString+UUID.m in Sources */,
				61EE70610F021055005C42F5 /* NSData+Base64.m in Sources */,
				61EE71400F021802005C42F5 /* PTMain.m in Sources */,
				610BF8AB0F030DFA008D9A3B /* PTStatusBox.m in Sources */,
				61C786F40F046622007CBC1A /* PTPreferenceWindow.m in Sources */,
				61D9FBC70F04B0D9003CC890 /* EMKeychainItem.m in Sources */,
				61D9FBC80F04B0D9003CC890 /* EMKeychainProxy.m in Sources */,
				61D9FE1C0F04B6DA003CC890 /* PTPreferenceManager.m in Sources */,
				61C773BD0F0509F100258650 /* PTStatusEntityView.m in Sources */,
				61C773F80F050BBB00258650 /* PTStatusCollectionItem.m in Sources */,
				6134601A0F0602AB00B422A6 /* PTArrayObserver.m in Sources */,
				613461370F06134900B422A6 /* PTLevelIndicator.m in Sources */,
			);
			runOnlyForDeploymentPostprocessing = 0;
		};
/* End PBXSourcesBuildPhase section */

/* Begin PBXVariantGroup section */
		089C165CFE840E0CC02AAC07 /* InfoPlist.strings */ = {
			isa = PBXVariantGroup;
			children = (
				089C165DFE840E0CC02AAC07 /* English */,
			);
			name = InfoPlist.strings;
			sourceTree = "<group>";
		};
		29B97318FDCFA39411CA2CEA /* MainMenu.nib */ = {
			isa = PBXVariantGroup;
			children = (
				29B97319FDCFA39411CA2CEA /* English */,
			);
			name = MainMenu.nib;
			sourceTree = "<group>";
		};
/* End PBXVariantGroup section */

/* Begin XCBuildConfiguration section */
		C01FCF4B08A954540054247B /* Debug */ = {
			isa = XCBuildConfiguration;
			buildSettings = {
				COPY_PHASE_STRIP = NO;
				GCC_DYNAMIC_NO_PIC = NO;
				GCC_ENABLE_FIX_AND_CONTINUE = YES;
				GCC_MODEL_TUNING = G5;
				GCC_OPTIMIZATION_LEVEL = 0;
				GCC_PRECOMPILE_PREFIX_HEADER = YES;
				GCC_PREFIX_HEADER = Pwitter_Prefix.pch;
				INFOPLIST_FILE = Info.plist;
				INSTALL_PATH = "$(HOME)/Applications";
				PRODUCT_NAME = Pwitter;
				WRAPPER_EXTENSION = app;
				ZERO_LINK = YES;
			};
			name = Debug;
		};
		C01FCF4C08A954540054247B /* Release */ = {
			isa = XCBuildConfiguration;
			buildSettings = {
				DEBUG_INFORMATION_FORMAT = "dwarf-with-dsym";
				GCC_MODEL_TUNING = G5;
				GCC_PRECOMPILE_PREFIX_HEADER = YES;
				GCC_PREFIX_HEADER = Pwitter_Prefix.pch;
				INFOPLIST_FILE = Info.plist;
				INSTALL_PATH = "$(HOME)/Applications";
				PRODUCT_NAME = Pwitter;
				WRAPPER_EXTENSION = app;
			};
			name = Release;
		};
		C01FCF4F08A954540054247B /* Debug */ = {
			isa = XCBuildConfiguration;
			buildSettings = {
				GCC_WARN_ABOUT_RETURN_TYPE = YES;
				GCC_WARN_UNUSED_VARIABLE = YES;
				PREBINDING = NO;
				SDKROOT = "$(DEVELOPER_SDK_DIR)/MacOSX10.5.sdk";
				USER_HEADER_SEARCH_PATHS = /usr/include/libxml2;
			};
			name = Debug;
		};
		C01FCF5008A954540054247B /* Release */ = {
			isa = XCBuildConfiguration;
			buildSettings = {
				ARCHS = (
					ppc,
					i386,
				);
				GCC_ENABLE_OBJC_GC = unsupported;
				GCC_WARN_ABOUT_RETURN_TYPE = YES;
				GCC_WARN_UNUSED_VARIABLE = YES;
				PREBINDING = NO;
				SDKROOT = "$(DEVELOPER_SDK_DIR)/MacOSX10.5.sdk";
				USER_HEADER_SEARCH_PATHS = /usr/include/libxml2;
			};
			name = Release;
		};
/* End XCBuildConfiguration section */

/* Begin XCConfigurationList section */
		C01FCF4A08A954540054247B /* Build configuration list for PBXNativeTarget "Pwitter" */ = {
			isa = XCConfigurationList;
			buildConfigurations = (
				C01FCF4B08A954540054247B /* Debug */,
				C01FCF4C08A954540054247B /* Release */,
			);
			defaultConfigurationIsVisible = 0;
			defaultConfigurationName = Release;
		};
		C01FCF4E08A954540054247B /* Build configuration list for PBXProject "Pwitter" */ = {
			isa = XCConfigurationList;
			buildConfigurations = (
				C01FCF4F08A954540054247B /* Debug */,
				C01FCF5008A954540054247B /* Release */,
			);
			defaultConfigurationIsVisible = 0;
			defaultConfigurationName = Release;
		};
/* End XCConfigurationList section */
	};
	rootObject = 29B97313FDCFA39411CA2CEA /* Project object */;
}
