// !$*UTF8*$!
{
	archiveVersion = 1;
	classes = {
	};
	objectVersion = 45;
	objects = {

/* Begin PBXBuildFile section */
		61095D0C0F4F7C60001882C7 /* PTTooltipTransformer.m in Sources */ = {isa = PBXBuildFile; fileRef = 61095D0B0F4F7C60001882C7 /* PTTooltipTransformer.m */; };
		610E79060F59516800C714D1 /* PTTokenField.m in Sources */ = {isa = PBXBuildFile; fileRef = 610E79050F59516800C714D1 /* PTTokenField.m */; };
		610E79090F5951B000C714D1 /* PTTextField.m in Sources */ = {isa = PBXBuildFile; fileRef = 610E79080F5951B000C714D1 /* PTTextField.m */; };
		6111C8BE0F5E2E470077EAB7 /* PTColorManager.m in Sources */ = {isa = PBXBuildFile; fileRef = 6111C8BD0F5E2E470077EAB7 /* PTColorManager.m */; };
		612BD6900F076F8500EF064D /* Pwitter.icns in Resources */ = {isa = PBXBuildFile; fileRef = 612BD68F0F076F8500EF064D /* Pwitter.icns */; };
		6131FD4A0F0E28C7004CA960 /* Sparkle.framework in Frameworks */ = {isa = PBXBuildFile; fileRef = 6131FD490F0E28C7004CA960 /* Sparkle.framework */; };
		6131FD5B0F0E297D004CA960 /* Sparkle.framework in CopyFiles */ = {isa = PBXBuildFile; fileRef = 6131FD490F0E28C7004CA960 /* Sparkle.framework */; };
		6131FD600F0E2B5A004CA960 /* dsa_pub.pem in Resources */ = {isa = PBXBuildFile; fileRef = 6131FD5F0F0E2B5A004CA960 /* dsa_pub.pem */; };
		614C2D9F0F40394F00DEB3D6 /* menu_icon_inv.png in Resources */ = {isa = PBXBuildFile; fileRef = 614C2D9E0F40394F00DEB3D6 /* menu_icon_inv.png */; };
		614C9FFF0F4EDAAB007B3940 /* EMKeychainItem.m in Sources */ = {isa = PBXBuildFile; fileRef = 614C9F8E0F4EDAAB007B3940 /* EMKeychainItem.m */; };
		614CA0000F4EDAAB007B3940 /* EMKeychainProxy.m in Sources */ = {isa = PBXBuildFile; fileRef = 614C9F900F4EDAAB007B3940 /* EMKeychainProxy.m */; };
		614CA0010F4EDAAB007B3940 /* PTHotKey.m in Sources */ = {isa = PBXBuildFile; fileRef = 614C9F930F4EDAAB007B3940 /* PTHotKey.m */; };
		614CA0020F4EDAAB007B3940 /* PTHotKeyCenter.m in Sources */ = {isa = PBXBuildFile; fileRef = 614C9F950F4EDAAB007B3940 /* PTHotKeyCenter.m */; };
		614CA0030F4EDAAB007B3940 /* PTKeyCombo.m in Sources */ = {isa = PBXBuildFile; fileRef = 614C9F970F4EDAAB007B3940 /* PTKeyCombo.m */; };
		614CA0120F4EDAAB007B3940 /* PTGrowlDelegate.m in Sources */ = {isa = PBXBuildFile; fileRef = 614C9FBC0F4EDAAB007B3940 /* PTGrowlDelegate.m */; };
		614CA0130F4EDAAB007B3940 /* PTGrowlNotificationManager.m in Sources */ = {isa = PBXBuildFile; fileRef = 614C9FBE0F4EDAAB007B3940 /* PTGrowlNotificationManager.m */; };
		614CA0140F4EDAAB007B3940 /* PTPreferenceManager.m in Sources */ = {isa = PBXBuildFile; fileRef = 614C9FC10F4EDAAB007B3940 /* PTPreferenceManager.m */; };
		614CA0150F4EDAAB007B3940 /* PTPreferenceWindow.m in Sources */ = {isa = PBXBuildFile; fileRef = 614C9FC30F4EDAAB007B3940 /* PTPreferenceWindow.m */; };
		614CA0180F4EDAAB007B3940 /* PTClickableIcon.m in Sources */ = {isa = PBXBuildFile; fileRef = 614C9FC90F4EDAAB007B3940 /* PTClickableIcon.m */; };
		614CA0190F4EDAAB007B3940 /* PTCollectionView.m in Sources */ = {isa = PBXBuildFile; fileRef = 614C9FCB0F4EDAAB007B3940 /* PTCollectionView.m */; };
		614CA01A0F4EDAAB007B3940 /* PTMain.m in Sources */ = {isa = PBXBuildFile; fileRef = 614C9FCD0F4EDAAB007B3940 /* PTMain.m */; };
		614CA01B0F4EDAAB007B3940 /* PTMainActionHandler.m in Sources */ = {isa = PBXBuildFile; fileRef = 614C9FCF0F4EDAAB007B3940 /* PTMainActionHandler.m */; };
		614CA01C0F4EDAAB007B3940 /* PTMainWindowDelegate.m in Sources */ = {isa = PBXBuildFile; fileRef = 614C9FD10F4EDAAB007B3940 /* PTMainWindowDelegate.m */; };
		614CA01D0F4EDAAB007B3940 /* PTMenuBarIcon.m in Sources */ = {isa = PBXBuildFile; fileRef = 614C9FD30F4EDAAB007B3940 /* PTMenuBarIcon.m */; };
		614CA01E0F4EDAAB007B3940 /* PTPostField.m in Sources */ = {isa = PBXBuildFile; fileRef = 614C9FD50F4EDAAB007B3940 /* PTPostField.m */; };
		614CA0200F4EDAAB007B3940 /* PTStatusFilterController.m in Sources */ = {isa = PBXBuildFile; fileRef = 614C9FD90F4EDAAB007B3940 /* PTStatusFilterController.m */; };
		614CA0220F4EDAAB007B3940 /* PTContextButton.m in Sources */ = {isa = PBXBuildFile; fileRef = 614C9FDE0F4EDAAB007B3940 /* PTContextButton.m */; };
		614CA0230F4EDAAB007B3940 /* PTEntityBackground.m in Sources */ = {isa = PBXBuildFile; fileRef = 614C9FE00F4EDAAB007B3940 /* PTEntityBackground.m */; };
		614CA0240F4EDAAB007B3940 /* PTMessageButton.m in Sources */ = {isa = PBXBuildFile; fileRef = 614C9FE20F4EDAAB007B3940 /* PTMessageButton.m */; };
		614CA0250F4EDAAB007B3940 /* PTReplyButton.m in Sources */ = {isa = PBXBuildFile; fileRef = 614C9FE40F4EDAAB007B3940 /* PTReplyButton.m */; };
		614CA0260F4EDAAB007B3940 /* PTStatusBox.m in Sources */ = {isa = PBXBuildFile; fileRef = 614C9FE60F4EDAAB007B3940 /* PTStatusBox.m */; };
		614CA0270F4EDAAB007B3940 /* PTStatusCollectionItem.m in Sources */ = {isa = PBXBuildFile; fileRef = 614C9FE80F4EDAAB007B3940 /* PTStatusCollectionItem.m */; };
		614CA0280F4EDAAB007B3940 /* PTStatusEntityView.m in Sources */ = {isa = PBXBuildFile; fileRef = 614C9FEA0F4EDAAB007B3940 /* PTStatusEntityView.m */; };
		614CA0290F4EDAAB007B3940 /* PTStatusImageView.m in Sources */ = {isa = PBXBuildFile; fileRef = 614C9FEC0F4EDAAB007B3940 /* PTStatusImageView.m */; };
		614CA02A0F4EDAAB007B3940 /* PTStatusTextField.m in Sources */ = {isa = PBXBuildFile; fileRef = 614C9FEE0F4EDAAB007B3940 /* PTStatusTextField.m */; };
		614CA02B0F4EDAAB007B3940 /* PTDateToStringTransformer.m in Sources */ = {isa = PBXBuildFile; fileRef = 614C9FF10F4EDAAB007B3940 /* PTDateToStringTransformer.m */; };
		614CA02C0F4EDAAB007B3940 /* PTReadStatusTransformer.m in Sources */ = {isa = PBXBuildFile; fileRef = 614C9FF30F4EDAAB007B3940 /* PTReadStatusTransformer.m */; };
		614CA02D0F4EDAAB007B3940 /* PTStatusBoxGenerator.m in Sources */ = {isa = PBXBuildFile; fileRef = 614C9FF50F4EDAAB007B3940 /* PTStatusBoxGenerator.m */; };
		614CA02E0F4EDAAB007B3940 /* PTStatusFormatter.m in Sources */ = {isa = PBXBuildFile; fileRef = 614C9FF70F4EDAAB007B3940 /* PTStatusFormatter.m */; };
		614CA02F0F4EDAAB007B3940 /* PTImageManager.m in Sources */ = {isa = PBXBuildFile; fileRef = 614C9FFA0F4EDAAB007B3940 /* PTImageManager.m */; };
		614CA0300F4EDAAB007B3940 /* PTReadManager.m in Sources */ = {isa = PBXBuildFile; fileRef = 614C9FFC0F4EDAAB007B3940 /* PTReadManager.m */; };
		614CA0310F4EDAAB007B3940 /* PTURLUtils.m in Sources */ = {isa = PBXBuildFile; fileRef = 614C9FFE0F4EDAAB007B3940 /* PTURLUtils.m */; };
		6159E0DA0F4B6FA400999951 /* context.png in Resources */ = {isa = PBXBuildFile; fileRef = 6159E0D90F4B6FA400999951 /* context.png */; };
		615B85920F1366DC0005E38F /* Growl Registration Ticket.growlRegDict in Resources */ = {isa = PBXBuildFile; fileRef = 615B85910F1366DC0005E38F /* Growl Registration Ticket.growlRegDict */; };
		615B85A30F136A2A0005E38F /* Growl.framework in Frameworks */ = {isa = PBXBuildFile; fileRef = 615B85A20F136A2A0005E38F /* Growl.framework */; };
		615B85B90F136A4A0005E38F /* Growl.framework in CopyFiles */ = {isa = PBXBuildFile; fileRef = 615B85A20F136A2A0005E38F /* Growl.framework */; };
		616143090F4AD81100AFE156 /* reload.png in Resources */ = {isa = PBXBuildFile; fileRef = 616143050F4AD81100AFE156 /* reload.png */; };
		6161430B0F4AD81100AFE156 /* home.png in Resources */ = {isa = PBXBuildFile; fileRef = 616143070F4AD81100AFE156 /* home.png */; };
		6161430C0F4AD81100AFE156 /* setting.png in Resources */ = {isa = PBXBuildFile; fileRef = 616143080F4AD81100AFE156 /* setting.png */; };
		6161AA2C0F36C10300141B8B /* reply.png in Resources */ = {isa = PBXBuildFile; fileRef = 6161AA2B0F36C10300141B8B /* reply.png */; };
		6161AA330F36C22B00141B8B /* web.png in Resources */ = {isa = PBXBuildFile; fileRef = 6161AA320F36C22B00141B8B /* web.png */; };
		6161AA3D0F36C76F00141B8B /* dm.png in Resources */ = {isa = PBXBuildFile; fileRef = 6161AA3C0F36C76F00141B8B /* dm.png */; };
		617037410F5826680099B150 /* startUp.m4a in Resources */ = {isa = PBXBuildFile; fileRef = 6170373C0F5826680099B150 /* startUp.m4a */; };
		617037420F5826680099B150 /* replyReceived.m4a in Resources */ = {isa = PBXBuildFile; fileRef = 6170373D0F5826680099B150 /* replyReceived.m4a */; };
		617037430F5826680099B150 /* statusReceived.m4a in Resources */ = {isa = PBXBuildFile; fileRef = 6170373E0F5826680099B150 /* statusReceived.m4a */; };
		617037440F5826680099B150 /* error.m4a in Resources */ = {isa = PBXBuildFile; fileRef = 6170373F0F5826680099B150 /* error.m4a */; };
		617037450F5826680099B150 /* statusPosted.m4a in Resources */ = {isa = PBXBuildFile; fileRef = 617037400F5826680099B150 /* statusPosted.m4a */; };
		617A69AD0F33318D0002D105 /* menu_icon_off.png in Resources */ = {isa = PBXBuildFile; fileRef = 617A69AC0F33318D0002D105 /* menu_icon_off.png */; };
		617A69BF0F334BC70002D105 /* menu_icon_on.png in Resources */ = {isa = PBXBuildFile; fileRef = 617A69BD0F334BC70002D105 /* menu_icon_on.png */; };
		6190A09A0F0AE46100E4F12E /* BGHUDAppKit.framework in Frameworks */ = {isa = PBXBuildFile; fileRef = 6190A0990F0AE46100E4F12E /* BGHUDAppKit.framework */; };
		6190A0CB0F0AE55000E4F12E /* BGHUDAppKit.framework in CopyFiles */ = {isa = PBXBuildFile; fileRef = 6190A0990F0AE46100E4F12E /* BGHUDAppKit.framework */; };
		61A50F520F063ADB009050CC /* console.png in Resources */ = {isa = PBXBuildFile; fileRef = 61A50F510F063ADB009050CC /* console.png */; };
		61A66AAA0F36DB8100E4D335 /* fav.png in Resources */ = {isa = PBXBuildFile; fileRef = 61A66AA90F36DB8100E4D335 /* fav.png */; };
		61AA24A20F3C67F600988678 /* unread_orb.png in Resources */ = {isa = PBXBuildFile; fileRef = 61AA24A10F3C67F600988678 /* unread_orb.png */; };
		61B14F4F0FE3659A00EA7207 /* MGTwitterEngine.m in Sources */ = {isa = PBXBuildFile; fileRef = 61B14F210FE3659A00EA7207 /* MGTwitterEngine.m */; };
		61B14F500FE3659A00EA7207 /* MGTwitterHTTPURLConnection.m in Sources */ = {isa = PBXBuildFile; fileRef = 61B14F240FE3659A00EA7207 /* MGTwitterHTTPURLConnection.m */; };
		61B14F510FE3659A00EA7207 /* MGTwitterLibXMLParser.m in Sources */ = {isa = PBXBuildFile; fileRef = 61B14F290FE3659A00EA7207 /* MGTwitterLibXMLParser.m */; };
		61B14F520FE3659A00EA7207 /* MGTwitterStatusesLibXMLParser.m in Sources */ = {isa = PBXBuildFile; fileRef = 61B14F2B0FE3659A00EA7207 /* MGTwitterStatusesLibXMLParser.m */; };
		61B14F530FE3659A00EA7207 /* MGTwitterUsersLibXMLParser.m in Sources */ = {isa = PBXBuildFile; fileRef = 61B14F2D0FE3659A00EA7207 /* MGTwitterUsersLibXMLParser.m */; };
		61B14F540FE3659A00EA7207 /* MGTwitterMessagesLibXMLParser.m in Sources */ = {isa = PBXBuildFile; fileRef = 61B14F2F0FE3659A00EA7207 /* MGTwitterMessagesLibXMLParser.m */; };
		61B14F550FE3659A00EA7207 /* MGTwitterMiscLibXMLParser.m in Sources */ = {isa = PBXBuildFile; fileRef = 61B14F310FE3659A00EA7207 /* MGTwitterMiscLibXMLParser.m */; };
		61B14F560FE3659A00EA7207 /* MGTwitterXMLParser.m in Sources */ = {isa = PBXBuildFile; fileRef = 61B14F340FE3659A00EA7207 /* MGTwitterXMLParser.m */; };
		61B14F570FE3659A00EA7207 /* MGTwitterStatusesParser.m in Sources */ = {isa = PBXBuildFile; fileRef = 61B14F360FE3659A00EA7207 /* MGTwitterStatusesParser.m */; };
		61B14F580FE3659A00EA7207 /* MGTwitterUsersParser.m in Sources */ = {isa = PBXBuildFile; fileRef = 61B14F380FE3659A00EA7207 /* MGTwitterUsersParser.m */; };
		61B14F590FE3659A00EA7207 /* MGTwitterMessagesParser.m in Sources */ = {isa = PBXBuildFile; fileRef = 61B14F3A0FE3659A00EA7207 /* MGTwitterMessagesParser.m */; };
		61B14F5A0FE3659A00EA7207 /* MGTwitterMiscParser.m in Sources */ = {isa = PBXBuildFile; fileRef = 61B14F3C0FE3659A00EA7207 /* MGTwitterMiscParser.m */; };
		61B14F610FE3659A00EA7207 /* NSString+UUID.m in Sources */ = {isa = PBXBuildFile; fileRef = 61B14F4C0FE3659A00EA7207 /* NSString+UUID.m */; };
		61B14F620FE3659A00EA7207 /* NSData+Base64.m in Sources */ = {isa = PBXBuildFile; fileRef = 61B14F4E0FE3659A00EA7207 /* NSData+Base64.m */; };
		61BAFB0F0F1C89B400428121 /* Carbon.framework in Frameworks */ = {isa = PBXBuildFile; fileRef = 61BAFB0E0F1C89B400428121 /* Carbon.framework */; };
		61BD916F0F0B7C7E00F1CA33 /* default.png in Resources */ = {isa = PBXBuildFile; fileRef = 61BD916E0F0B7C7E00F1CA33 /* default.png */; };
		61C2675B0F58E3DB00B3889E /* PTCustomFilterManager.m in Sources */ = {isa = PBXBuildFile; fileRef = 61C2675A0F58E3DB00B3889E /* PTCustomFilterManager.m */; };
		61CBCF500F5A177800366CB9 /* MainMenu.xib in Resources */ = {isa = PBXBuildFile; fileRef = 61CBCF4F0F5A177800366CB9 /* MainMenu.xib */; };
		61D3ABEC0F500425000E8C12 /* AMCollectionView.m in Sources */ = {isa = PBXBuildFile; fileRef = 61D3ABE80F500425000E8C12 /* AMCollectionView.m */; };
		61D3ABED0F500425000E8C12 /* AMCollectionViewItem.m in Sources */ = {isa = PBXBuildFile; fileRef = 61D3ABEA0F500425000E8C12 /* AMCollectionViewItem.m */; };
		61D9FDFD0F04B41C003CC890 /* Security.framework in Frameworks */ = {isa = PBXBuildFile; fileRef = 61D9FDFC0F04B41C003CC890 /* Security.framework */; };
		61EE70640F0210C0005C42F5 /* libxml2.2.dylib in Frameworks */ = {isa = PBXBuildFile; fileRef = 61EE70630F0210C0005C42F5 /* libxml2.2.dylib */; };
		61F177A90F1C5A6B00C04938 /* ShortcutRecorder.framework in Frameworks */ = {isa = PBXBuildFile; fileRef = 61F177A80F1C5A6B00C04938 /* ShortcutRecorder.framework */; };
		61F177C10F1C5CE100C04938 /* ShortcutRecorder.framework in CopyFiles */ = {isa = PBXBuildFile; fileRef = 61F177A80F1C5A6B00C04938 /* ShortcutRecorder.framework */; };
		61F8E08B0F3C02DA0070C04A /* icon_mask.tif in Resources */ = {isa = PBXBuildFile; fileRef = 61F8E08A0F3C02DA0070C04A /* icon_mask.tif */; };
		8D11072B0486CEB800E47090 /* InfoPlist.strings in Resources */ = {isa = PBXBuildFile; fileRef = 089C165CFE840E0CC02AAC07 /* InfoPlist.strings */; };
		8D11072D0486CEB800E47090 /* main.m in Sources */ = {isa = PBXBuildFile; fileRef = 29B97316FDCFA39411CA2CEA /* main.m */; settings = {ATTRIBUTES = (); }; };
		8D11072F0486CEB800E47090 /* Cocoa.framework in Frameworks */ = {isa = PBXBuildFile; fileRef = 1058C7A1FEA54F0111CA2CBB /* Cocoa.framework */; };
/* End PBXBuildFile section */

/* Begin PBXCopyFilesBuildPhase section */
		6190A0C40F0AE4B100E4F12E /* CopyFiles */ = {
			isa = PBXCopyFilesBuildPhase;
			buildActionMask = 2147483647;
			dstPath = "";
			dstSubfolderSpec = 10;
			files = (
				61F177C10F1C5CE100C04938 /* ShortcutRecorder.framework in CopyFiles */,
				615B85B90F136A4A0005E38F /* Growl.framework in CopyFiles */,
				6131FD5B0F0E297D004CA960 /* Sparkle.framework in CopyFiles */,
				6190A0CB0F0AE55000E4F12E /* BGHUDAppKit.framework in CopyFiles */,
			);
			runOnlyForDeploymentPostprocessing = 0;
		};
/* End PBXCopyFilesBuildPhase section */

/* Begin PBXFileReference section */
		089C165DFE840E0CC02AAC07 /* English */ = {isa = PBXFileReference; fileEncoding = 10; lastKnownFileType = text.plist.strings; name = English; path = English.lproj/InfoPlist.strings; sourceTree = "<group>"; };
		1058C7A1FEA54F0111CA2CBB /* Cocoa.framework */ = {isa = PBXFileReference; lastKnownFileType = wrapper.framework; name = Cocoa.framework; path = /System/Library/Frameworks/Cocoa.framework; sourceTree = "<absolute>"; };
		13E42FB307B3F0F600E4EEF1 /* CoreData.framework */ = {isa = PBXFileReference; lastKnownFileType = wrapper.framework; name = CoreData.framework; path = /System/Library/Frameworks/CoreData.framework; sourceTree = "<absolute>"; };
		29B97316FDCFA39411CA2CEA /* main.m */ = {isa = PBXFileReference; fileEncoding = 4; lastKnownFileType = sourcecode.c.objc; path = main.m; sourceTree = "<group>"; };
		29B97324FDCFA39411CA2CEA /* AppKit.framework */ = {isa = PBXFileReference; lastKnownFileType = wrapper.framework; name = AppKit.framework; path = /System/Library/Frameworks/AppKit.framework; sourceTree = "<absolute>"; };
		29B97325FDCFA39411CA2CEA /* Foundation.framework */ = {isa = PBXFileReference; lastKnownFileType = wrapper.framework; name = Foundation.framework; path = /System/Library/Frameworks/Foundation.framework; sourceTree = "<absolute>"; };
		32CA4F630368D1EE00C91783 /* Pwitter_Prefix.pch */ = {isa = PBXFileReference; fileEncoding = 4; lastKnownFileType = sourcecode.c.h; path = Pwitter_Prefix.pch; sourceTree = "<group>"; };
		61095D0A0F4F7C60001882C7 /* PTTooltipTransformer.h */ = {isa = PBXFileReference; fileEncoding = 4; lastKnownFileType = sourcecode.c.h; path = PTTooltipTransformer.h; sourceTree = "<group>"; };
		61095D0B0F4F7C60001882C7 /* PTTooltipTransformer.m */ = {isa = PBXFileReference; fileEncoding = 4; lastKnownFileType = sourcecode.c.objc; path = PTTooltipTransformer.m; sourceTree = "<group>"; };
		610E79040F59516800C714D1 /* PTTokenField.h */ = {isa = PBXFileReference; fileEncoding = 4; lastKnownFileType = sourcecode.c.h; path = PTTokenField.h; sourceTree = "<group>"; };
		610E79050F59516800C714D1 /* PTTokenField.m */ = {isa = PBXFileReference; fileEncoding = 4; lastKnownFileType = sourcecode.c.objc; path = PTTokenField.m; sourceTree = "<group>"; };
		610E79070F5951B000C714D1 /* PTTextField.h */ = {isa = PBXFileReference; fileEncoding = 4; lastKnownFileType = sourcecode.c.h; path = PTTextField.h; sourceTree = "<group>"; };
		610E79080F5951B000C714D1 /* PTTextField.m */ = {isa = PBXFileReference; fileEncoding = 4; lastKnownFileType = sourcecode.c.objc; path = PTTextField.m; sourceTree = "<group>"; };
		6111C8BC0F5E2E470077EAB7 /* PTColorManager.h */ = {isa = PBXFileReference; fileEncoding = 4; lastKnownFileType = sourcecode.c.h; path = PTColorManager.h; sourceTree = "<group>"; };
		6111C8BD0F5E2E470077EAB7 /* PTColorManager.m */ = {isa = PBXFileReference; fileEncoding = 4; lastKnownFileType = sourcecode.c.objc; path = PTColorManager.m; sourceTree = "<group>"; };
		612BD68F0F076F8500EF064D /* Pwitter.icns */ = {isa = PBXFileReference; lastKnownFileType = image.icns; path = Pwitter.icns; sourceTree = "<group>"; };
		6131FD490F0E28C7004CA960 /* Sparkle.framework */ = {isa = PBXFileReference; lastKnownFileType = wrapper.framework; path = Sparkle.framework; sourceTree = "<group>"; };
		6131FD5F0F0E2B5A004CA960 /* dsa_pub.pem */ = {isa = PBXFileReference; fileEncoding = 4; lastKnownFileType = text; path = dsa_pub.pem; sourceTree = "<group>"; };
		614C2D9E0F40394F00DEB3D6 /* menu_icon_inv.png */ = {isa = PBXFileReference; lastKnownFileType = image.png; path = menu_icon_inv.png; sourceTree = "<group>"; };
		614C9F8D0F4EDAAB007B3940 /* EMKeychainItem.h */ = {isa = PBXFileReference; fileEncoding = 4; lastKnownFileType = sourcecode.c.h; path = EMKeychainItem.h; sourceTree = "<group>"; };
		614C9F8E0F4EDAAB007B3940 /* EMKeychainItem.m */ = {isa = PBXFileReference; fileEncoding = 4; lastKnownFileType = sourcecode.c.objc; path = EMKeychainItem.m; sourceTree = "<group>"; };
		614C9F8F0F4EDAAB007B3940 /* EMKeychainProxy.h */ = {isa = PBXFileReference; fileEncoding = 4; lastKnownFileType = sourcecode.c.h; path = EMKeychainProxy.h; sourceTree = "<group>"; };
		614C9F900F4EDAAB007B3940 /* EMKeychainProxy.m */ = {isa = PBXFileReference; fileEncoding = 4; lastKnownFileType = sourcecode.c.objc; path = EMKeychainProxy.m; sourceTree = "<group>"; };
		614C9F920F4EDAAB007B3940 /* PTHotKey.h */ = {isa = PBXFileReference; fileEncoding = 4; lastKnownFileType = sourcecode.c.h; path = PTHotKey.h; sourceTree = "<group>"; };
		614C9F930F4EDAAB007B3940 /* PTHotKey.m */ = {isa = PBXFileReference; fileEncoding = 4; lastKnownFileType = sourcecode.c.objc; path = PTHotKey.m; sourceTree = "<group>"; };
		614C9F940F4EDAAB007B3940 /* PTHotKeyCenter.h */ = {isa = PBXFileReference; fileEncoding = 4; lastKnownFileType = sourcecode.c.h; path = PTHotKeyCenter.h; sourceTree = "<group>"; };
		614C9F950F4EDAAB007B3940 /* PTHotKeyCenter.m */ = {isa = PBXFileReference; fileEncoding = 4; lastKnownFileType = sourcecode.c.objc; path = PTHotKeyCenter.m; sourceTree = "<group>"; };
		614C9F960F4EDAAB007B3940 /* PTKeyCombo.h */ = {isa = PBXFileReference; fileEncoding = 4; lastKnownFileType = sourcecode.c.h; path = PTKeyCombo.h; sourceTree = "<group>"; };
		614C9F970F4EDAAB007B3940 /* PTKeyCombo.m */ = {isa = PBXFileReference; fileEncoding = 4; lastKnownFileType = sourcecode.c.objc; path = PTKeyCombo.m; sourceTree = "<group>"; };
		614C9FBB0F4EDAAB007B3940 /* PTGrowlDelegate.h */ = {isa = PBXFileReference; fileEncoding = 4; lastKnownFileType = sourcecode.c.h; path = PTGrowlDelegate.h; sourceTree = "<group>"; };
		614C9FBC0F4EDAAB007B3940 /* PTGrowlDelegate.m */ = {isa = PBXFileReference; fileEncoding = 4; lastKnownFileType = sourcecode.c.objc; path = PTGrowlDelegate.m; sourceTree = "<group>"; };
		614C9FBD0F4EDAAB007B3940 /* PTGrowlNotificationManager.h */ = {isa = PBXFileReference; fileEncoding = 4; lastKnownFileType = sourcecode.c.h; path = PTGrowlNotificationManager.h; sourceTree = "<group>"; };
		614C9FBE0F4EDAAB007B3940 /* PTGrowlNotificationManager.m */ = {isa = PBXFileReference; fileEncoding = 4; lastKnownFileType = sourcecode.c.objc; path = PTGrowlNotificationManager.m; sourceTree = "<group>"; };
		614C9FC00F4EDAAB007B3940 /* PTPreferenceManager.h */ = {isa = PBXFileReference; fileEncoding = 4; lastKnownFileType = sourcecode.c.h; path = PTPreferenceManager.h; sourceTree = "<group>"; };
		614C9FC10F4EDAAB007B3940 /* PTPreferenceManager.m */ = {isa = PBXFileReference; fileEncoding = 4; lastKnownFileType = sourcecode.c.objc; path = PTPreferenceManager.m; sourceTree = "<group>"; };
		614C9FC20F4EDAAB007B3940 /* PTPreferenceWindow.h */ = {isa = PBXFileReference; fileEncoding = 4; lastKnownFileType = sourcecode.c.h; path = PTPreferenceWindow.h; sourceTree = "<group>"; };
		614C9FC30F4EDAAB007B3940 /* PTPreferenceWindow.m */ = {isa = PBXFileReference; fileEncoding = 4; lastKnownFileType = sourcecode.c.objc; path = PTPreferenceWindow.m; sourceTree = "<group>"; };
		614C9FC80F4EDAAB007B3940 /* PTClickableIcon.h */ = {isa = PBXFileReference; fileEncoding = 4; lastKnownFileType = sourcecode.c.h; path = PTClickableIcon.h; sourceTree = "<group>"; };
		614C9FC90F4EDAAB007B3940 /* PTClickableIcon.m */ = {isa = PBXFileReference; fileEncoding = 4; lastKnownFileType = sourcecode.c.objc; path = PTClickableIcon.m; sourceTree = "<group>"; };
		614C9FCA0F4EDAAB007B3940 /* PTCollectionView.h */ = {isa = PBXFileReference; fileEncoding = 4; lastKnownFileType = sourcecode.c.h; path = PTCollectionView.h; sourceTree = "<group>"; };
		614C9FCB0F4EDAAB007B3940 /* PTCollectionView.m */ = {isa = PBXFileReference; fileEncoding = 4; lastKnownFileType = sourcecode.c.objc; path = PTCollectionView.m; sourceTree = "<group>"; };
		614C9FCC0F4EDAAB007B3940 /* PTMain.h */ = {isa = PBXFileReference; fileEncoding = 4; lastKnownFileType = sourcecode.c.h; path = PTMain.h; sourceTree = "<group>"; };
		614C9FCD0F4EDAAB007B3940 /* PTMain.m */ = {isa = PBXFileReference; fileEncoding = 4; lastKnownFileType = sourcecode.c.objc; path = PTMain.m; sourceTree = "<group>"; };
		614C9FCE0F4EDAAB007B3940 /* PTMainActionHandler.h */ = {isa = PBXFileReference; fileEncoding = 4; lastKnownFileType = sourcecode.c.h; path = PTMainActionHandler.h; sourceTree = "<group>"; };
		614C9FCF0F4EDAAB007B3940 /* PTMainActionHandler.m */ = {isa = PBXFileReference; fileEncoding = 4; lastKnownFileType = sourcecode.c.objc; path = PTMainActionHandler.m; sourceTree = "<group>"; };
		614C9FD00F4EDAAB007B3940 /* PTMainWindowDelegate.h */ = {isa = PBXFileReference; fileEncoding = 4; lastKnownFileType = sourcecode.c.h; path = PTMainWindowDelegate.h; sourceTree = "<group>"; };
		614C9FD10F4EDAAB007B3940 /* PTMainWindowDelegate.m */ = {isa = PBXFileReference; fileEncoding = 4; lastKnownFileType = sourcecode.c.objc; path = PTMainWindowDelegate.m; sourceTree = "<group>"; };
		614C9FD20F4EDAAB007B3940 /* PTMenuBarIcon.h */ = {isa = PBXFileReference; fileEncoding = 4; lastKnownFileType = sourcecode.c.h; path = PTMenuBarIcon.h; sourceTree = "<group>"; };
		614C9FD30F4EDAAB007B3940 /* PTMenuBarIcon.m */ = {isa = PBXFileReference; fileEncoding = 4; lastKnownFileType = sourcecode.c.objc; path = PTMenuBarIcon.m; sourceTree = "<group>"; };
		614C9FD40F4EDAAB007B3940 /* PTPostField.h */ = {isa = PBXFileReference; fileEncoding = 4; lastKnownFileType = sourcecode.c.h; path = PTPostField.h; sourceTree = "<group>"; };
		614C9FD50F4EDAAB007B3940 /* PTPostField.m */ = {isa = PBXFileReference; fileEncoding = 4; lastKnownFileType = sourcecode.c.objc; path = PTPostField.m; sourceTree = "<group>"; };
		614C9FD80F4EDAAB007B3940 /* PTStatusFilterController.h */ = {isa = PBXFileReference; fileEncoding = 4; lastKnownFileType = sourcecode.c.h; path = PTStatusFilterController.h; sourceTree = "<group>"; };
		614C9FD90F4EDAAB007B3940 /* PTStatusFilterController.m */ = {isa = PBXFileReference; fileEncoding = 4; lastKnownFileType = sourcecode.c.objc; path = PTStatusFilterController.m; sourceTree = "<group>"; };
		614C9FDD0F4EDAAB007B3940 /* PTContextButton.h */ = {isa = PBXFileReference; fileEncoding = 4; lastKnownFileType = sourcecode.c.h; path = PTContextButton.h; sourceTree = "<group>"; };
		614C9FDE0F4EDAAB007B3940 /* PTContextButton.m */ = {isa = PBXFileReference; fileEncoding = 4; lastKnownFileType = sourcecode.c.objc; path = PTContextButton.m; sourceTree = "<group>"; };
		614C9FDF0F4EDAAB007B3940 /* PTEntityBackground.h */ = {isa = PBXFileReference; fileEncoding = 4; lastKnownFileType = sourcecode.c.h; path = PTEntityBackground.h; sourceTree = "<group>"; };
		614C9FE00F4EDAAB007B3940 /* PTEntityBackground.m */ = {isa = PBXFileReference; fileEncoding = 4; lastKnownFileType = sourcecode.c.objc; path = PTEntityBackground.m; sourceTree = "<group>"; };
		614C9FE10F4EDAAB007B3940 /* PTMessageButton.h */ = {isa = PBXFileReference; fileEncoding = 4; lastKnownFileType = sourcecode.c.h; path = PTMessageButton.h; sourceTree = "<group>"; };
		614C9FE20F4EDAAB007B3940 /* PTMessageButton.m */ = {isa = PBXFileReference; fileEncoding = 4; lastKnownFileType = sourcecode.c.objc; path = PTMessageButton.m; sourceTree = "<group>"; };
		614C9FE30F4EDAAB007B3940 /* PTReplyButton.h */ = {isa = PBXFileReference; fileEncoding = 4; lastKnownFileType = sourcecode.c.h; path = PTReplyButton.h; sourceTree = "<group>"; };
		614C9FE40F4EDAAB007B3940 /* PTReplyButton.m */ = {isa = PBXFileReference; fileEncoding = 4; lastKnownFileType = sourcecode.c.objc; path = PTReplyButton.m; sourceTree = "<group>"; };
		614C9FE50F4EDAAB007B3940 /* PTStatusBox.h */ = {isa = PBXFileReference; fileEncoding = 4; lastKnownFileType = sourcecode.c.h; path = PTStatusBox.h; sourceTree = "<group>"; };
		614C9FE60F4EDAAB007B3940 /* PTStatusBox.m */ = {isa = PBXFileReference; fileEncoding = 4; lastKnownFileType = sourcecode.c.objc; path = PTStatusBox.m; sourceTree = "<group>"; };
		614C9FE70F4EDAAB007B3940 /* PTStatusCollectionItem.h */ = {isa = PBXFileReference; fileEncoding = 4; lastKnownFileType = sourcecode.c.h; path = PTStatusCollectionItem.h; sourceTree = "<group>"; };
		614C9FE80F4EDAAB007B3940 /* PTStatusCollectionItem.m */ = {isa = PBXFileReference; fileEncoding = 4; lastKnownFileType = sourcecode.c.objc; path = PTStatusCollectionItem.m; sourceTree = "<group>"; };
		614C9FE90F4EDAAB007B3940 /* PTStatusEntityView.h */ = {isa = PBXFileReference; fileEncoding = 4; lastKnownFileType = sourcecode.c.h; path = PTStatusEntityView.h; sourceTree = "<group>"; };
		614C9FEA0F4EDAAB007B3940 /* PTStatusEntityView.m */ = {isa = PBXFileReference; fileEncoding = 4; lastKnownFileType = sourcecode.c.objc; path = PTStatusEntityView.m; sourceTree = "<group>"; };
		614C9FEB0F4EDAAB007B3940 /* PTStatusImageView.h */ = {isa = PBXFileReference; fileEncoding = 4; lastKnownFileType = sourcecode.c.h; path = PTStatusImageView.h; sourceTree = "<group>"; };
		614C9FEC0F4EDAAB007B3940 /* PTStatusImageView.m */ = {isa = PBXFileReference; fileEncoding = 4; lastKnownFileType = sourcecode.c.objc; path = PTStatusImageView.m; sourceTree = "<group>"; };
		614C9FED0F4EDAAB007B3940 /* PTStatusTextField.h */ = {isa = PBXFileReference; fileEncoding = 4; lastKnownFileType = sourcecode.c.h; path = PTStatusTextField.h; sourceTree = "<group>"; };
		614C9FEE0F4EDAAB007B3940 /* PTStatusTextField.m */ = {isa = PBXFileReference; fileEncoding = 4; lastKnownFileType = sourcecode.c.objc; path = PTStatusTextField.m; sourceTree = "<group>"; };
		614C9FF00F4EDAAB007B3940 /* PTDateToStringTransformer.h */ = {isa = PBXFileReference; fileEncoding = 4; lastKnownFileType = sourcecode.c.h; path = PTDateToStringTransformer.h; sourceTree = "<group>"; };
		614C9FF10F4EDAAB007B3940 /* PTDateToStringTransformer.m */ = {isa = PBXFileReference; fileEncoding = 4; lastKnownFileType = sourcecode.c.objc; path = PTDateToStringTransformer.m; sourceTree = "<group>"; };
		614C9FF20F4EDAAB007B3940 /* PTReadStatusTransformer.h */ = {isa = PBXFileReference; fileEncoding = 4; lastKnownFileType = sourcecode.c.h; path = PTReadStatusTransformer.h; sourceTree = "<group>"; };
		614C9FF30F4EDAAB007B3940 /* PTReadStatusTransformer.m */ = {isa = PBXFileReference; fileEncoding = 4; lastKnownFileType = sourcecode.c.objc; path = PTReadStatusTransformer.m; sourceTree = "<group>"; };
		614C9FF40F4EDAAB007B3940 /* PTStatusBoxGenerator.h */ = {isa = PBXFileReference; fileEncoding = 4; lastKnownFileType = sourcecode.c.h; path = PTStatusBoxGenerator.h; sourceTree = "<group>"; };
		614C9FF50F4EDAAB007B3940 /* PTStatusBoxGenerator.m */ = {isa = PBXFileReference; fileEncoding = 4; lastKnownFileType = sourcecode.c.objc; path = PTStatusBoxGenerator.m; sourceTree = "<group>"; };
		614C9FF60F4EDAAB007B3940 /* PTStatusFormatter.h */ = {isa = PBXFileReference; fileEncoding = 4; lastKnownFileType = sourcecode.c.h; path = PTStatusFormatter.h; sourceTree = "<group>"; };
		614C9FF70F4EDAAB007B3940 /* PTStatusFormatter.m */ = {isa = PBXFileReference; fileEncoding = 4; lastKnownFileType = sourcecode.c.objc; path = PTStatusFormatter.m; sourceTree = "<group>"; };
		614C9FF90F4EDAAB007B3940 /* PTImageManager.h */ = {isa = PBXFileReference; fileEncoding = 4; lastKnownFileType = sourcecode.c.h; path = PTImageManager.h; sourceTree = "<group>"; };
		614C9FFA0F4EDAAB007B3940 /* PTImageManager.m */ = {isa = PBXFileReference; fileEncoding = 4; lastKnownFileType = sourcecode.c.objc; path = PTImageManager.m; sourceTree = "<group>"; };
		614C9FFB0F4EDAAB007B3940 /* PTReadManager.h */ = {isa = PBXFileReference; fileEncoding = 4; lastKnownFileType = sourcecode.c.h; path = PTReadManager.h; sourceTree = "<group>"; };
		614C9FFC0F4EDAAB007B3940 /* PTReadManager.m */ = {isa = PBXFileReference; fileEncoding = 4; lastKnownFileType = sourcecode.c.objc; path = PTReadManager.m; sourceTree = "<group>"; };
		614C9FFD0F4EDAAB007B3940 /* PTURLUtils.h */ = {isa = PBXFileReference; fileEncoding = 4; lastKnownFileType = sourcecode.c.h; path = PTURLUtils.h; sourceTree = "<group>"; };
		614C9FFE0F4EDAAB007B3940 /* PTURLUtils.m */ = {isa = PBXFileReference; fileEncoding = 4; lastKnownFileType = sourcecode.c.objc; path = PTURLUtils.m; sourceTree = "<group>"; };
		6159E0D90F4B6FA400999951 /* context.png */ = {isa = PBXFileReference; lastKnownFileType = image.png; path = context.png; sourceTree = "<group>"; };
		615B85910F1366DC0005E38F /* Growl Registration Ticket.growlRegDict */ = {isa = PBXFileReference; fileEncoding = 4; lastKnownFileType = text.xml; path = "Growl Registration Ticket.growlRegDict"; sourceTree = "<group>"; };
		615B85A20F136A2A0005E38F /* Growl.framework */ = {isa = PBXFileReference; lastKnownFileType = wrapper.framework; path = Growl.framework; sourceTree = "<group>"; };
		616143050F4AD81100AFE156 /* reload.png */ = {isa = PBXFileReference; lastKnownFileType = image.png; path = reload.png; sourceTree = "<group>"; };
		616143070F4AD81100AFE156 /* home.png */ = {isa = PBXFileReference; lastKnownFileType = image.png; path = home.png; sourceTree = "<group>"; };
		616143080F4AD81100AFE156 /* setting.png */ = {isa = PBXFileReference; lastKnownFileType = image.png; path = setting.png; sourceTree = "<group>"; };
		6161AA2B0F36C10300141B8B /* reply.png */ = {isa = PBXFileReference; lastKnownFileType = image.png; path = reply.png; sourceTree = "<group>"; };
		6161AA320F36C22B00141B8B /* web.png */ = {isa = PBXFileReference; lastKnownFileType = image.png; path = web.png; sourceTree = "<group>"; };
		6161AA3C0F36C76F00141B8B /* dm.png */ = {isa = PBXFileReference; lastKnownFileType = image.png; path = dm.png; sourceTree = "<group>"; };
		6170373C0F5826680099B150 /* startUp.m4a */ = {isa = PBXFileReference; lastKnownFileType = file; path = startUp.m4a; sourceTree = "<group>"; };
		6170373D0F5826680099B150 /* replyReceived.m4a */ = {isa = PBXFileReference; lastKnownFileType = file; path = replyReceived.m4a; sourceTree = "<group>"; };
		6170373E0F5826680099B150 /* statusReceived.m4a */ = {isa = PBXFileReference; lastKnownFileType = file; path = statusReceived.m4a; sourceTree = "<group>"; };
		6170373F0F5826680099B150 /* error.m4a */ = {isa = PBXFileReference; lastKnownFileType = file; path = error.m4a; sourceTree = "<group>"; };
		617037400F5826680099B150 /* statusPosted.m4a */ = {isa = PBXFileReference; lastKnownFileType = file; path = statusPosted.m4a; sourceTree = "<group>"; };
		617A69AC0F33318D0002D105 /* menu_icon_off.png */ = {isa = PBXFileReference; lastKnownFileType = image.png; path = menu_icon_off.png; sourceTree = "<group>"; };
		617A69BD0F334BC70002D105 /* menu_icon_on.png */ = {isa = PBXFileReference; lastKnownFileType = image.png; path = menu_icon_on.png; sourceTree = "<group>"; };
		6190A0990F0AE46100E4F12E /* BGHUDAppKit.framework */ = {isa = PBXFileReference; lastKnownFileType = wrapper.framework; path = BGHUDAppKit.framework; sourceTree = "<group>"; };
		61A50F510F063ADB009050CC /* console.png */ = {isa = PBXFileReference; lastKnownFileType = image.png; path = console.png; sourceTree = "<group>"; };
		61A66AA90F36DB8100E4D335 /* fav.png */ = {isa = PBXFileReference; lastKnownFileType = image.png; path = fav.png; sourceTree = "<group>"; };
		61AA24A10F3C67F600988678 /* unread_orb.png */ = {isa = PBXFileReference; lastKnownFileType = image.png; path = unread_orb.png; sourceTree = "<group>"; };
		61B14F1F0FE3659A00EA7207 /* MGTwitterEngineGlobalHeader.h */ = {isa = PBXFileReference; fileEncoding = 4; lastKnownFileType = sourcecode.c.h; path = MGTwitterEngineGlobalHeader.h; sourceTree = "<group>"; };
		61B14F200FE3659A00EA7207 /* MGTwitterEngine.h */ = {isa = PBXFileReference; fileEncoding = 4; lastKnownFileType = sourcecode.c.h; path = MGTwitterEngine.h; sourceTree = "<group>"; };
		61B14F210FE3659A00EA7207 /* MGTwitterEngine.m */ = {isa = PBXFileReference; fileEncoding = 4; lastKnownFileType = sourcecode.c.objc; path = MGTwitterEngine.m; sourceTree = "<group>"; };
		61B14F220FE3659A00EA7207 /* MGTwitterEngineDelegate.h */ = {isa = PBXFileReference; fileEncoding = 4; lastKnownFileType = sourcecode.c.h; path = MGTwitterEngineDelegate.h; sourceTree = "<group>"; };
		61B14F230FE3659A00EA7207 /* MGTwitterHTTPURLConnection.h */ = {isa = PBXFileReference; fileEncoding = 4; lastKnownFileType = sourcecode.c.h; path = MGTwitterHTTPURLConnection.h; sourceTree = "<group>"; };
		61B14F240FE3659A00EA7207 /* MGTwitterHTTPURLConnection.m */ = {isa = PBXFileReference; fileEncoding = 4; lastKnownFileType = sourcecode.c.objc; path = MGTwitterHTTPURLConnection.m; sourceTree = "<group>"; };
		61B14F250FE3659A00EA7207 /* MGTwitterRequestTypes.h */ = {isa = PBXFileReference; fileEncoding = 4; lastKnownFileType = sourcecode.c.h; path = MGTwitterRequestTypes.h; sourceTree = "<group>"; };
		61B14F260FE3659A00EA7207 /* MGTwitterParserDelegate.h */ = {isa = PBXFileReference; fileEncoding = 4; lastKnownFileType = sourcecode.c.h; path = MGTwitterParserDelegate.h; sourceTree = "<group>"; };
		61B14F280FE3659A00EA7207 /* MGTwitterLibXMLParser.h */ = {isa = PBXFileReference; fileEncoding = 4; lastKnownFileType = sourcecode.c.h; path = MGTwitterLibXMLParser.h; sourceTree = "<group>"; };
		61B14F290FE3659A00EA7207 /* MGTwitterLibXMLParser.m */ = {isa = PBXFileReference; fileEncoding = 4; lastKnownFileType = sourcecode.c.objc; path = MGTwitterLibXMLParser.m; sourceTree = "<group>"; };
		61B14F2A0FE3659A00EA7207 /* MGTwitterStatusesLibXMLParser.h */ = {isa = PBXFileReference; fileEncoding = 4; lastKnownFileType = sourcecode.c.h; path = MGTwitterStatusesLibXMLParser.h; sourceTree = "<group>"; };
		61B14F2B0FE3659A00EA7207 /* MGTwitterStatusesLibXMLParser.m */ = {isa = PBXFileReference; fileEncoding = 4; lastKnownFileType = sourcecode.c.objc; path = MGTwitterStatusesLibXMLParser.m; sourceTree = "<group>"; };
		61B14F2C0FE3659A00EA7207 /* MGTwitterUsersLibXMLParser.h */ = {isa = PBXFileReference; fileEncoding = 4; lastKnownFileType = sourcecode.c.h; path = MGTwitterUsersLibXMLParser.h; sourceTree = "<group>"; };
		61B14F2D0FE3659A00EA7207 /* MGTwitterUsersLibXMLParser.m */ = {isa = PBXFileReference; fileEncoding = 4; lastKnownFileType = sourcecode.c.objc; path = MGTwitterUsersLibXMLParser.m; sourceTree = "<group>"; };
		61B14F2E0FE3659A00EA7207 /* MGTwitterMessagesLibXMLParser.h */ = {isa = PBXFileReference; fileEncoding = 4; lastKnownFileType = sourcecode.c.h; path = MGTwitterMessagesLibXMLParser.h; sourceTree = "<group>"; };
		61B14F2F0FE3659A00EA7207 /* MGTwitterMessagesLibXMLParser.m */ = {isa = PBXFileReference; fileEncoding = 4; lastKnownFileType = sourcecode.c.objc; path = MGTwitterMessagesLibXMLParser.m; sourceTree = "<group>"; };
		61B14F300FE3659A00EA7207 /* MGTwitterMiscLibXMLParser.h */ = {isa = PBXFileReference; fileEncoding = 4; lastKnownFileType = sourcecode.c.h; path = MGTwitterMiscLibXMLParser.h; sourceTree = "<group>"; };
		61B14F310FE3659A00EA7207 /* MGTwitterMiscLibXMLParser.m */ = {isa = PBXFileReference; fileEncoding = 4; lastKnownFileType = sourcecode.c.objc; path = MGTwitterMiscLibXMLParser.m; sourceTree = "<group>"; };
		61B14F330FE3659A00EA7207 /* MGTwitterXMLParser.h */ = {isa = PBXFileReference; fileEncoding = 4; lastKnownFileType = sourcecode.c.h; path = MGTwitterXMLParser.h; sourceTree = "<group>"; };
		61B14F340FE3659A00EA7207 /* MGTwitterXMLParser.m */ = {isa = PBXFileReference; fileEncoding = 4; lastKnownFileType = sourcecode.c.objc; path = MGTwitterXMLParser.m; sourceTree = "<group>"; };
		61B14F350FE3659A00EA7207 /* MGTwitterStatusesParser.h */ = {isa = PBXFileReference; fileEncoding = 4; lastKnownFileType = sourcecode.c.h; path = MGTwitterStatusesParser.h; sourceTree = "<group>"; };
		61B14F360FE3659A00EA7207 /* MGTwitterStatusesParser.m */ = {isa = PBXFileReference; fileEncoding = 4; lastKnownFileType = sourcecode.c.objc; path = MGTwitterStatusesParser.m; sourceTree = "<group>"; };
		61B14F370FE3659A00EA7207 /* MGTwitterUsersParser.h */ = {isa = PBXFileReference; fileEncoding = 4; lastKnownFileType = sourcecode.c.h; path = MGTwitterUsersParser.h; sourceTree = "<group>"; };
		61B14F380FE3659A00EA7207 /* MGTwitterUsersParser.m */ = {isa = PBXFileReference; fileEncoding = 4; lastKnownFileType = sourcecode.c.objc; path = MGTwitterUsersParser.m; sourceTree = "<group>"; };
		61B14F390FE3659A00EA7207 /* MGTwitterMessagesParser.h */ = {isa = PBXFileReference; fileEncoding = 4; lastKnownFileType = sourcecode.c.h; path = MGTwitterMessagesParser.h; sourceTree = "<group>"; };
		61B14F3A0FE3659A00EA7207 /* MGTwitterMessagesParser.m */ = {isa = PBXFileReference; fileEncoding = 4; lastKnownFileType = sourcecode.c.objc; path = MGTwitterMessagesParser.m; sourceTree = "<group>"; };
		61B14F3B0FE3659A00EA7207 /* MGTwitterMiscParser.h */ = {isa = PBXFileReference; fileEncoding = 4; lastKnownFileType = sourcecode.c.h; path = MGTwitterMiscParser.h; sourceTree = "<group>"; };
		61B14F3C0FE3659A00EA7207 /* MGTwitterMiscParser.m */ = {isa = PBXFileReference; fileEncoding = 4; lastKnownFileType = sourcecode.c.objc; path = MGTwitterMiscParser.m; sourceTree = "<group>"; };
		61B14F4B0FE3659A00EA7207 /* NSString+UUID.h */ = {isa = PBXFileReference; fileEncoding = 4; lastKnownFileType = sourcecode.c.h; path = "NSString+UUID.h"; sourceTree = "<group>"; };
		61B14F4C0FE3659A00EA7207 /* NSString+UUID.m */ = {isa = PBXFileReference; fileEncoding = 4; lastKnownFileType = sourcecode.c.objc; path = "NSString+UUID.m"; sourceTree = "<group>"; };
		61B14F4D0FE3659A00EA7207 /* NSData+Base64.h */ = {isa = PBXFileReference; fileEncoding = 4; lastKnownFileType = sourcecode.c.h; path = "NSData+Base64.h"; sourceTree = "<group>"; };
		61B14F4E0FE3659A00EA7207 /* NSData+Base64.m */ = {isa = PBXFileReference; fileEncoding = 4; lastKnownFileType = sourcecode.c.objc; path = "NSData+Base64.m"; sourceTree = "<group>"; };
		61BAFB0E0F1C89B400428121 /* Carbon.framework */ = {isa = PBXFileReference; lastKnownFileType = wrapper.framework; name = Carbon.framework; path = /System/Library/Frameworks/Carbon.framework; sourceTree = "<absolute>"; };
		61BD916E0F0B7C7E00F1CA33 /* default.png */ = {isa = PBXFileReference; lastKnownFileType = image.png; path = default.png; sourceTree = "<group>"; };
		61C267590F58E3DB00B3889E /* PTCustomFilterManager.h */ = {isa = PBXFileReference; fileEncoding = 4; lastKnownFileType = sourcecode.c.h; path = PTCustomFilterManager.h; sourceTree = "<group>"; };
		61C2675A0F58E3DB00B3889E /* PTCustomFilterManager.m */ = {isa = PBXFileReference; fileEncoding = 4; lastKnownFileType = sourcecode.c.objc; path = PTCustomFilterManager.m; sourceTree = "<group>"; };
		61CBCF4F0F5A177800366CB9 /* MainMenu.xib */ = {isa = PBXFileReference; lastKnownFileType = file.xib; name = MainMenu.xib; path = English.lproj/MainMenu.xib; sourceTree = "<group>"; };
		61D3ABE70F500425000E8C12 /* AMCollectionView.h */ = {isa = PBXFileReference; fileEncoding = 4; lastKnownFileType = sourcecode.c.h; path = AMCollectionView.h; sourceTree = "<group>"; };
		61D3ABE80F500425000E8C12 /* AMCollectionView.m */ = {isa = PBXFileReference; fileEncoding = 4; lastKnownFileType = sourcecode.c.objc; path = AMCollectionView.m; sourceTree = "<group>"; };
		61D3ABE90F500425000E8C12 /* AMCollectionViewItem.h */ = {isa = PBXFileReference; fileEncoding = 4; lastKnownFileType = sourcecode.c.h; path = AMCollectionViewItem.h; sourceTree = "<group>"; };
		61D3ABEA0F500425000E8C12 /* AMCollectionViewItem.m */ = {isa = PBXFileReference; fileEncoding = 4; lastKnownFileType = sourcecode.c.objc; path = AMCollectionViewItem.m; sourceTree = "<group>"; };
		61D3ABEB0F500425000E8C12 /* AMCollectionViewItemProtocol.h */ = {isa = PBXFileReference; fileEncoding = 4; lastKnownFileType = sourcecode.c.h; path = AMCollectionViewItemProtocol.h; sourceTree = "<group>"; };
		61D9FDFC0F04B41C003CC890 /* Security.framework */ = {isa = PBXFileReference; lastKnownFileType = wrapper.framework; name = Security.framework; path = /System/Library/Frameworks/Security.framework; sourceTree = "<absolute>"; };
		61EE70630F0210C0005C42F5 /* libxml2.2.dylib */ = {isa = PBXFileReference; lastKnownFileType = "compiled.mach-o.dylib"; name = libxml2.2.dylib; path = /usr/lib/libxml2.2.dylib; sourceTree = "<absolute>"; };
		61F177A80F1C5A6B00C04938 /* ShortcutRecorder.framework */ = {isa = PBXFileReference; lastKnownFileType = wrapper.framework; path = ShortcutRecorder.framework; sourceTree = "<group>"; };
		61F8E08A0F3C02DA0070C04A /* icon_mask.tif */ = {isa = PBXFileReference; lastKnownFileType = image.tiff; path = icon_mask.tif; sourceTree = "<group>"; };
		8D1107310486CEB800E47090 /* Info.plist */ = {isa = PBXFileReference; fileEncoding = 4; lastKnownFileType = text.plist.xml; path = Info.plist; sourceTree = "<group>"; };
		8D1107320486CEB800E47090 /* Pwitter.app */ = {isa = PBXFileReference; explicitFileType = wrapper.application; includeInIndex = 0; path = Pwitter.app; sourceTree = BUILT_PRODUCTS_DIR; };
/* End PBXFileReference section */

/* Begin PBXFrameworksBuildPhase section */
		8D11072E0486CEB800E47090 /* Frameworks */ = {
			isa = PBXFrameworksBuildPhase;
			buildActionMask = 2147483647;
			files = (
				8D11072F0486CEB800E47090 /* Cocoa.framework in Frameworks */,
				61EE70640F0210C0005C42F5 /* libxml2.2.dylib in Frameworks */,
				61D9FDFD0F04B41C003CC890 /* Security.framework in Frameworks */,
				6190A09A0F0AE46100E4F12E /* BGHUDAppKit.framework in Frameworks */,
				6131FD4A0F0E28C7004CA960 /* Sparkle.framework in Frameworks */,
				615B85A30F136A2A0005E38F /* Growl.framework in Frameworks */,
				61F177A90F1C5A6B00C04938 /* ShortcutRecorder.framework in Frameworks */,
				61BAFB0F0F1C89B400428121 /* Carbon.framework in Frameworks */,
			);
			runOnlyForDeploymentPostprocessing = 0;
		};
/* End PBXFrameworksBuildPhase section */

/* Begin PBXGroup section */
		1058C7A0FEA54F0111CA2CBB /* Linked Frameworks */ = {
			isa = PBXGroup;
			children = (
				61F177A80F1C5A6B00C04938 /* ShortcutRecorder.framework */,
				615B85A20F136A2A0005E38F /* Growl.framework */,
				6131FD490F0E28C7004CA960 /* Sparkle.framework */,
				61D9FDFC0F04B41C003CC890 /* Security.framework */,
				61BAFB0E0F1C89B400428121 /* Carbon.framework */,
				1058C7A1FEA54F0111CA2CBB /* Cocoa.framework */,
			);
			name = "Linked Frameworks";
			sourceTree = "<group>";
		};
		1058C7A2FEA54F0111CA2CBB /* Other Frameworks */ = {
			isa = PBXGroup;
			children = (
				6190A0990F0AE46100E4F12E /* BGHUDAppKit.framework */,
				61EE70630F0210C0005C42F5 /* libxml2.2.dylib */,
				29B97324FDCFA39411CA2CEA /* AppKit.framework */,
				13E42FB307B3F0F600E4EEF1 /* CoreData.framework */,
				29B97325FDCFA39411CA2CEA /* Foundation.framework */,
			);
			name = "Other Frameworks";
			sourceTree = "<group>";
		};
		19C28FACFE9D520D11CA2CBB /* Products */ = {
			isa = PBXGroup;
			children = (
				8D1107320486CEB800E47090 /* Pwitter.app */,
			);
			name = Products;
			sourceTree = "<group>";
		};
		29B97314FDCFA39411CA2CEA /* Pwitter */ = {
			isa = PBXGroup;
			children = (
				614C9F8B0F4EDAAB007B3940 /* Classes */,
				29B97315FDCFA39411CA2CEA /* Other Sources */,
				29B97317FDCFA39411CA2CEA /* Resources */,
				29B97323FDCFA39411CA2CEA /* Frameworks */,
				19C28FACFE9D520D11CA2CBB /* Products */,
			);
			name = Pwitter;
			sourceTree = "<group>";
		};
		29B97315FDCFA39411CA2CEA /* Other Sources */ = {
			isa = PBXGroup;
			children = (
				32CA4F630368D1EE00C91783 /* Pwitter_Prefix.pch */,
				29B97316FDCFA39411CA2CEA /* main.m */,
			);
			name = "Other Sources";
			sourceTree = "<group>";
		};
		29B97317FDCFA39411CA2CEA /* Resources */ = {
			isa = PBXGroup;
			children = (
				6159E0D90F4B6FA400999951 /* context.png */,
				616143050F4AD81100AFE156 /* reload.png */,
				616143070F4AD81100AFE156 /* home.png */,
				616143080F4AD81100AFE156 /* setting.png */,
				614C2D9E0F40394F00DEB3D6 /* menu_icon_inv.png */,
				61AA24A10F3C67F600988678 /* unread_orb.png */,
				61A66AA90F36DB8100E4D335 /* fav.png */,
				6161AA3C0F36C76F00141B8B /* dm.png */,
				6161AA320F36C22B00141B8B /* web.png */,
				6161AA2B0F36C10300141B8B /* reply.png */,
				617A69BD0F334BC70002D105 /* menu_icon_on.png */,
				617A69AC0F33318D0002D105 /* menu_icon_off.png */,
				61F8E08A0F3C02DA0070C04A /* icon_mask.tif */,
				6170373C0F5826680099B150 /* startUp.m4a */,
				6170373D0F5826680099B150 /* replyReceived.m4a */,
				6170373E0F5826680099B150 /* statusReceived.m4a */,
				6170373F0F5826680099B150 /* error.m4a */,
				617037400F5826680099B150 /* statusPosted.m4a */,
				61CBCF4F0F5A177800366CB9 /* MainMenu.xib */,
				6131FD5F0F0E2B5A004CA960 /* dsa_pub.pem */,
				61BD916E0F0B7C7E00F1CA33 /* default.png */,
				612BD68F0F076F8500EF064D /* Pwitter.icns */,
				61A50F510F063ADB009050CC /* console.png */,
				615B85910F1366DC0005E38F /* Growl Registration Ticket.growlRegDict */,
				8D1107310486CEB800E47090 /* Info.plist */,
				089C165CFE840E0CC02AAC07 /* InfoPlist.strings */,
			);
			name = Resources;
			sourceTree = "<group>";
		};
		29B97323FDCFA39411CA2CEA /* Frameworks */ = {
			isa = PBXGroup;
			children = (
				1058C7A0FEA54F0111CA2CBB /* Linked Frameworks */,
				1058C7A2FEA54F0111CA2CBB /* Other Frameworks */,
			);
			name = Frameworks;
			sourceTree = "<group>";
		};
		614C9F8B0F4EDAAB007B3940 /* Classes */ = {
			isa = PBXGroup;
			children = (
				614C9FB90F4EDAAB007B3940 /* Pwitter */,
				614C9F8C0F4EDAAB007B3940 /* EMKeychain */,
				614C9F910F4EDAAB007B3940 /* HotKey */,
				61B14F1E0FE3659A00EA7207 /* MATwitterEngine */,
			);
			path = Classes;
			sourceTree = "<group>";
		};
		614C9F8C0F4EDAAB007B3940 /* EMKeychain */ = {
			isa = PBXGroup;
			children = (
				614C9F8D0F4EDAAB007B3940 /* EMKeychainItem.h */,
				614C9F8E0F4EDAAB007B3940 /* EMKeychainItem.m */,
				614C9F8F0F4EDAAB007B3940 /* EMKeychainProxy.h */,
				614C9F900F4EDAAB007B3940 /* EMKeychainProxy.m */,
			);
			path = EMKeychain;
			sourceTree = "<group>";
		};
		614C9F910F4EDAAB007B3940 /* HotKey */ = {
			isa = PBXGroup;
			children = (
				614C9F920F4EDAAB007B3940 /* PTHotKey.h */,
				614C9F930F4EDAAB007B3940 /* PTHotKey.m */,
				614C9F940F4EDAAB007B3940 /* PTHotKeyCenter.h */,
				614C9F950F4EDAAB007B3940 /* PTHotKeyCenter.m */,
				614C9F960F4EDAAB007B3940 /* PTKeyCombo.h */,
				614C9F970F4EDAAB007B3940 /* PTKeyCombo.m */,
			);
			path = HotKey;
			sourceTree = "<group>";
		};
		614C9FB90F4EDAAB007B3940 /* Pwitter */ = {
			isa = PBXGroup;
			children = (
				614C9FDC0F4EDAAB007B3940 /* StatusItem */,
				614C9FEF0F4EDAAB007B3940 /* StatusMaker */,
				614C9FBF0F4EDAAB007B3940 /* Preferences */,
				614C9FBA0F4EDAAB007B3940 /* GrowlNotification */,
				614C9FF80F4EDAAB007B3940 /* Utils */,
				614C9FC80F4EDAAB007B3940 /* PTClickableIcon.h */,
				614C9FC90F4EDAAB007B3940 /* PTClickableIcon.m */,
				614C9FCA0F4EDAAB007B3940 /* PTCollectionView.h */,
				614C9FCB0F4EDAAB007B3940 /* PTCollectionView.m */,
				614C9FCC0F4EDAAB007B3940 /* PTMain.h */,
				614C9FCD0F4EDAAB007B3940 /* PTMain.m */,
				614C9FCE0F4EDAAB007B3940 /* PTMainActionHandler.h */,
				614C9FCF0F4EDAAB007B3940 /* PTMainActionHandler.m */,
				614C9FD00F4EDAAB007B3940 /* PTMainWindowDelegate.h */,
				614C9FD10F4EDAAB007B3940 /* PTMainWindowDelegate.m */,
				614C9FD20F4EDAAB007B3940 /* PTMenuBarIcon.h */,
				614C9FD30F4EDAAB007B3940 /* PTMenuBarIcon.m */,
				614C9FD40F4EDAAB007B3940 /* PTPostField.h */,
				614C9FD50F4EDAAB007B3940 /* PTPostField.m */,
				614C9FD80F4EDAAB007B3940 /* PTStatusFilterController.h */,
				614C9FD90F4EDAAB007B3940 /* PTStatusFilterController.m */,
				61D3ABE70F500425000E8C12 /* AMCollectionView.h */,
				61D3ABE80F500425000E8C12 /* AMCollectionView.m */,
				61D3ABE90F500425000E8C12 /* AMCollectionViewItem.h */,
				61D3ABEA0F500425000E8C12 /* AMCollectionViewItem.m */,
				61D3ABEB0F500425000E8C12 /* AMCollectionViewItemProtocol.h */,
				61C267590F58E3DB00B3889E /* PTCustomFilterManager.h */,
				61C2675A0F58E3DB00B3889E /* PTCustomFilterManager.m */,
				610E79040F59516800C714D1 /* PTTokenField.h */,
				610E79050F59516800C714D1 /* PTTokenField.m */,
				610E79070F5951B000C714D1 /* PTTextField.h */,
				610E79080F5951B000C714D1 /* PTTextField.m */,
			);
			path = Pwitter;
			sourceTree = "<group>";
		};
		614C9FBA0F4EDAAB007B3940 /* GrowlNotification */ = {
			isa = PBXGroup;
			children = (
				614C9FBB0F4EDAAB007B3940 /* PTGrowlDelegate.h */,
				614C9FBC0F4EDAAB007B3940 /* PTGrowlDelegate.m */,
				614C9FBD0F4EDAAB007B3940 /* PTGrowlNotificationManager.h */,
				614C9FBE0F4EDAAB007B3940 /* PTGrowlNotificationManager.m */,
			);
			path = GrowlNotification;
			sourceTree = "<group>";
		};
		614C9FBF0F4EDAAB007B3940 /* Preferences */ = {
			isa = PBXGroup;
			children = (
				614C9FC00F4EDAAB007B3940 /* PTPreferenceManager.h */,
				614C9FC10F4EDAAB007B3940 /* PTPreferenceManager.m */,
				614C9FC20F4EDAAB007B3940 /* PTPreferenceWindow.h */,
				614C9FC30F4EDAAB007B3940 /* PTPreferenceWindow.m */,
			);
			path = Preferences;
			sourceTree = "<group>";
		};
		614C9FDC0F4EDAAB007B3940 /* StatusItem */ = {
			isa = PBXGroup;
			children = (
				614C9FDD0F4EDAAB007B3940 /* PTContextButton.h */,
				614C9FDE0F4EDAAB007B3940 /* PTContextButton.m */,
				614C9FDF0F4EDAAB007B3940 /* PTEntityBackground.h */,
				614C9FE00F4EDAAB007B3940 /* PTEntityBackground.m */,
				614C9FE10F4EDAAB007B3940 /* PTMessageButton.h */,
				614C9FE20F4EDAAB007B3940 /* PTMessageButton.m */,
				614C9FE30F4EDAAB007B3940 /* PTReplyButton.h */,
				614C9FE40F4EDAAB007B3940 /* PTReplyButton.m */,
				614C9FE50F4EDAAB007B3940 /* PTStatusBox.h */,
				614C9FE60F4EDAAB007B3940 /* PTStatusBox.m */,
				614C9FE70F4EDAAB007B3940 /* PTStatusCollectionItem.h */,
				614C9FE80F4EDAAB007B3940 /* PTStatusCollectionItem.m */,
				614C9FE90F4EDAAB007B3940 /* PTStatusEntityView.h */,
				614C9FEA0F4EDAAB007B3940 /* PTStatusEntityView.m */,
				614C9FEB0F4EDAAB007B3940 /* PTStatusImageView.h */,
				614C9FEC0F4EDAAB007B3940 /* PTStatusImageView.m */,
				614C9FED0F4EDAAB007B3940 /* PTStatusTextField.h */,
				614C9FEE0F4EDAAB007B3940 /* PTStatusTextField.m */,
			);
			path = StatusItem;
			sourceTree = "<group>";
		};
		614C9FEF0F4EDAAB007B3940 /* StatusMaker */ = {
			isa = PBXGroup;
			children = (
				614C9FF00F4EDAAB007B3940 /* PTDateToStringTransformer.h */,
				614C9FF10F4EDAAB007B3940 /* PTDateToStringTransformer.m */,
				614C9FF20F4EDAAB007B3940 /* PTReadStatusTransformer.h */,
				614C9FF30F4EDAAB007B3940 /* PTReadStatusTransformer.m */,
				614C9FF40F4EDAAB007B3940 /* PTStatusBoxGenerator.h */,
				614C9FF50F4EDAAB007B3940 /* PTStatusBoxGenerator.m */,
				614C9FF60F4EDAAB007B3940 /* PTStatusFormatter.h */,
				614C9FF70F4EDAAB007B3940 /* PTStatusFormatter.m */,
				61095D0A0F4F7C60001882C7 /* PTTooltipTransformer.h */,
				61095D0B0F4F7C60001882C7 /* PTTooltipTransformer.m */,
			);
			path = StatusMaker;
			sourceTree = "<group>";
		};
		614C9FF80F4EDAAB007B3940 /* Utils */ = {
			isa = PBXGroup;
			children = (
				6111C8BC0F5E2E470077EAB7 /* PTColorManager.h */,
				6111C8BD0F5E2E470077EAB7 /* PTColorManager.m */,
				614C9FF90F4EDAAB007B3940 /* PTImageManager.h */,
				614C9FFA0F4EDAAB007B3940 /* PTImageManager.m */,
				614C9FFB0F4EDAAB007B3940 /* PTReadManager.h */,
				614C9FFC0F4EDAAB007B3940 /* PTReadManager.m */,
				614C9FFD0F4EDAAB007B3940 /* PTURLUtils.h */,
				614C9FFE0F4EDAAB007B3940 /* PTURLUtils.m */,
			);
			path = Utils;
			sourceTree = "<group>";
		};
		61B14F1E0FE3659A00EA7207 /* MATwitterEngine */ = {
			isa = PBXGroup;
			children = (
				61B14F4A0FE3659A00EA7207 /* Categories */,
				61B14F320FE3659A00EA7207 /* Twitter NSXML Parsers */,
				61B14F270FE3659A00EA7207 /* Twitter LibXML Parsers */,
				61B14F1F0FE3659A00EA7207 /* MGTwitterEngineGlobalHeader.h */,
				61B14F200FE3659A00EA7207 /* MGTwitterEngine.h */,
				61B14F210FE3659A00EA7207 /* MGTwitterEngine.m */,
				61B14F220FE3659A00EA7207 /* MGTwitterEngineDelegate.h */,
				61B14F230FE3659A00EA7207 /* MGTwitterHTTPURLConnection.h */,
				61B14F240FE3659A00EA7207 /* MGTwitterHTTPURLConnection.m */,
				61B14F250FE3659A00EA7207 /* MGTwitterRequestTypes.h */,
				61B14F260FE3659A00EA7207 /* MGTwitterParserDelegate.h */,
			);
			name = MATwitterEngine;
			sourceTree = "<group>";
		};
		61B14F270FE3659A00EA7207 /* Twitter LibXML Parsers */ = {
			isa = PBXGroup;
			children = (
				61B14F280FE3659A00EA7207 /* MGTwitterLibXMLParser.h */,
				61B14F290FE3659A00EA7207 /* MGTwitterLibXMLParser.m */,
				61B14F2A0FE3659A00EA7207 /* MGTwitterStatusesLibXMLParser.h */,
				61B14F2B0FE3659A00EA7207 /* MGTwitterStatusesLibXMLParser.m */,
				61B14F2C0FE3659A00EA7207 /* MGTwitterUsersLibXMLParser.h */,
				61B14F2D0FE3659A00EA7207 /* MGTwitterUsersLibXMLParser.m */,
				61B14F2E0FE3659A00EA7207 /* MGTwitterMessagesLibXMLParser.h */,
				61B14F2F0FE3659A00EA7207 /* MGTwitterMessagesLibXMLParser.m */,
				61B14F300FE3659A00EA7207 /* MGTwitterMiscLibXMLParser.h */,
				61B14F310FE3659A00EA7207 /* MGTwitterMiscLibXMLParser.m */,
			);
			name = "Twitter LibXML Parsers";
			sourceTree = "<group>";
		};
		61B14F320FE3659A00EA7207 /* Twitter NSXML Parsers */ = {
			isa = PBXGroup;
			children = (
				61B14F330FE3659A00EA7207 /* MGTwitterXMLParser.h */,
				61B14F340FE3659A00EA7207 /* MGTwitterXMLParser.m */,
				61B14F350FE3659A00EA7207 /* MGTwitterStatusesParser.h */,
				61B14F360FE3659A00EA7207 /* MGTwitterStatusesParser.m */,
				61B14F370FE3659A00EA7207 /* MGTwitterUsersParser.h */,
				61B14F380FE3659A00EA7207 /* MGTwitterUsersParser.m */,
				61B14F390FE3659A00EA7207 /* MGTwitterMessagesParser.h */,
				61B14F3A0FE3659A00EA7207 /* MGTwitterMessagesParser.m */,
				61B14F3B0FE3659A00EA7207 /* MGTwitterMiscParser.h */,
				61B14F3C0FE3659A00EA7207 /* MGTwitterMiscParser.m */,
			);
			name = "Twitter NSXML Parsers";
			sourceTree = "<group>";
		};
		61B14F4A0FE3659A00EA7207 /* Categories */ = {
			isa = PBXGroup;
			children = (
				61B14F4B0FE3659A00EA7207 /* NSString+UUID.h */,
				61B14F4C0FE3659A00EA7207 /* NSString+UUID.m */,
				61B14F4D0FE3659A00EA7207 /* NSData+Base64.h */,
				61B14F4E0FE3659A00EA7207 /* NSData+Base64.m */,
			);
			name = Categories;
			sourceTree = "<group>";
		};
/* End PBXGroup section */

/* Begin PBXNativeTarget section */
		8D1107260486CEB800E47090 /* Pwitter */ = {
			isa = PBXNativeTarget;
			buildConfigurationList = C01FCF4A08A954540054247B /* Build configuration list for PBXNativeTarget "Pwitter" */;
			buildPhases = (
				8D1107290486CEB800E47090 /* Resources */,
				8D11072C0486CEB800E47090 /* Sources */,
				8D11072E0486CEB800E47090 /* Frameworks */,
				6190A0C40F0AE4B100E4F12E /* CopyFiles */,
				6190A0FB0F0AFB8400E4F12E /* ShellScript */,
			);
			buildRules = (
			);
			dependencies = (
			);
			name = Pwitter;
			productInstallPath = "$(HOME)/Applications";
			productName = Pwitter;
			productReference = 8D1107320486CEB800E47090 /* Pwitter.app */;
			productType = "com.apple.product-type.application";
		};
/* End PBXNativeTarget section */

/* Begin PBXProject section */
		29B97313FDCFA39411CA2CEA /* Project object */ = {
			isa = PBXProject;
			buildConfigurationList = C01FCF4E08A954540054247B /* Build configuration list for PBXProject "Pwitter" */;
			compatibilityVersion = "Xcode 3.1";
			hasScannedForEncodings = 1;
			mainGroup = 29B97314FDCFA39411CA2CEA /* Pwitter */;
			projectDirPath = "";
			projectRoot = "";
			targets = (
				8D1107260486CEB800E47090 /* Pwitter */,
			);
		};
/* End PBXProject section */

/* Begin PBXResourcesBuildPhase section */
		8D1107290486CEB800E47090 /* Resources */ = {
			isa = PBXResourcesBuildPhase;
			buildActionMask = 2147483647;
			files = (
				8D11072B0486CEB800E47090 /* InfoPlist.strings in Resources */,
				61A50F520F063ADB009050CC /* console.png in Resources */,
				612BD6900F076F8500EF064D /* Pwitter.icns in Resources */,
				61BD916F0F0B7C7E00F1CA33 /* default.png in Resources */,
				6131FD600F0E2B5A004CA960 /* dsa_pub.pem in Resources */,
				615B85920F1366DC0005E38F /* Growl Registration Ticket.growlRegDict in Resources */,
				617A69AD0F33318D0002D105 /* menu_icon_off.png in Resources */,
				617A69BF0F334BC70002D105 /* menu_icon_on.png in Resources */,
				6161AA2C0F36C10300141B8B /* reply.png in Resources */,
				6161AA330F36C22B00141B8B /* web.png in Resources */,
				6161AA3D0F36C76F00141B8B /* dm.png in Resources */,
				61A66AAA0F36DB8100E4D335 /* fav.png in Resources */,
				61F8E08B0F3C02DA0070C04A /* icon_mask.tif in Resources */,
				61AA24A20F3C67F600988678 /* unread_orb.png in Resources */,
				614C2D9F0F40394F00DEB3D6 /* menu_icon_inv.png in Resources */,
				616143090F4AD81100AFE156 /* reload.png in Resources */,
				6161430B0F4AD81100AFE156 /* home.png in Resources */,
				6161430C0F4AD81100AFE156 /* setting.png in Resources */,
				6159E0DA0F4B6FA400999951 /* context.png in Resources */,
				617037410F5826680099B150 /* startUp.m4a in Resources */,
				617037420F5826680099B150 /* replyReceived.m4a in Resources */,
				617037430F5826680099B150 /* statusReceived.m4a in Resources */,
				617037440F5826680099B150 /* error.m4a in Resources */,
				617037450F5826680099B150 /* statusPosted.m4a in Resources */,
				61CBCF500F5A177800366CB9 /* MainMenu.xib in Resources */,
			);
			runOnlyForDeploymentPostprocessing = 0;
		};
/* End PBXResourcesBuildPhase section */

/* Begin PBXShellScriptBuildPhase section */
		6190A0FB0F0AFB8400E4F12E /* ShellScript */ = {
			isa = PBXShellScriptBuildPhase;
			buildActionMask = 2147483647;
			files = (
			);
			inputPaths = (
			);
			outputPaths = (
			);
			runOnlyForDeploymentPostprocessing = 0;
			shellPath = /bin/sh;
			shellScript = "rm -fR \"${CONFIGURATION_BUILD_DIR}/${WRAPPER_NAME}/Contents/Frameworks/BGHUDAppKit.framework/Versions/Current/Resources\"\nrm -fR \"${CONFIGURATION_BUILD_DIR}/${WRAPPER_NAME}/Contents/Frameworks/ShortcutRecorder.framework/Versions/Current/Resources\"";
		};
/* End PBXShellScriptBuildPhase section */

/* Begin PBXSourcesBuildPhase section */
		8D11072C0486CEB800E47090 /* Sources */ = {
			isa = PBXSourcesBuildPhase;
			buildActionMask = 2147483647;
			files = (
				8D11072D0486CEB800E47090 /* main.m in Sources */,
				614C9FFF0F4EDAAB007B3940 /* EMKeychainItem.m in Sources */,
				614CA0000F4EDAAB007B3940 /* EMKeychainProxy.m in Sources */,
				614CA0010F4EDAAB007B3940 /* PTHotKey.m in Sources */,
				614CA0020F4EDAAB007B3940 /* PTHotKeyCenter.m in Sources */,
				614CA0030F4EDAAB007B3940 /* PTKeyCombo.m in Sources */,
				614CA0120F4EDAAB007B3940 /* PTGrowlDelegate.m in Sources */,
				614CA0130F4EDAAB007B3940 /* PTGrowlNotificationManager.m in Sources */,
				614CA0140F4EDAAB007B3940 /* PTPreferenceManager.m in Sources */,
				614CA0150F4EDAAB007B3940 /* PTPreferenceWindow.m in Sources */,
				614CA0180F4EDAAB007B3940 /* PTClickableIcon.m in Sources */,
				614CA0190F4EDAAB007B3940 /* PTCollectionView.m in Sources */,
				614CA01A0F4EDAAB007B3940 /* PTMain.m in Sources */,
				614CA01B0F4EDAAB007B3940 /* PTMainActionHandler.m in Sources */,
				614CA01C0F4EDAAB007B3940 /* PTMainWindowDelegate.m in Sources */,
				614CA01D0F4EDAAB007B3940 /* PTMenuBarIcon.m in Sources */,
				614CA01E0F4EDAAB007B3940 /* PTPostField.m in Sources */,
				614CA0200F4EDAAB007B3940 /* PTStatusFilterController.m in Sources */,
				614CA0220F4EDAAB007B3940 /* PTContextButton.m in Sources */,
				614CA0230F4EDAAB007B3940 /* PTEntityBackground.m in Sources */,
				614CA0240F4EDAAB007B3940 /* PTMessageButton.m in Sources */,
				614CA0250F4EDAAB007B3940 /* PTReplyButton.m in Sources */,
				614CA0260F4EDAAB007B3940 /* PTStatusBox.m in Sources */,
				614CA0270F4EDAAB007B3940 /* PTStatusCollectionItem.m in Sources */,
				614CA0280F4EDAAB007B3940 /* PTStatusEntityView.m in Sources */,
				614CA0290F4EDAAB007B3940 /* PTStatusImageView.m in Sources */,
				614CA02A0F4EDAAB007B3940 /* PTStatusTextField.m in Sources */,
				614CA02B0F4EDAAB007B3940 /* PTDateToStringTransformer.m in Sources */,
				614CA02C0F4EDAAB007B3940 /* PTReadStatusTransformer.m in Sources */,
				614CA02D0F4EDAAB007B3940 /* PTStatusBoxGenerator.m in Sources */,
				614CA02E0F4EDAAB007B3940 /* PTStatusFormatter.m in Sources */,
				614CA02F0F4EDAAB007B3940 /* PTImageManager.m in Sources */,
				614CA0300F4EDAAB007B3940 /* PTReadManager.m in Sources */,
				614CA0310F4EDAAB007B3940 /* PTURLUtils.m in Sources */,
				61095D0C0F4F7C60001882C7 /* PTTooltipTransformer.m in Sources */,
				61D3ABEC0F500425000E8C12 /* AMCollectionView.m in Sources */,
				61D3ABED0F500425000E8C12 /* AMCollectionViewItem.m in Sources */,
				61C2675B0F58E3DB00B3889E /* PTCustomFilterManager.m in Sources */,
				610E79060F59516800C714D1 /* PTTokenField.m in Sources */,
				610E79090F5951B000C714D1 /* PTTextField.m in Sources */,
				6111C8BE0F5E2E470077EAB7 /* PTColorManager.m in Sources */,
				61B14F4F0FE3659A00EA7207 /* MGTwitterEngine.m in Sources */,
				61B14F500FE3659A00EA7207 /* MGTwitterHTTPURLConnection.m in Sources */,
				61B14F510FE3659A00EA7207 /* MGTwitterLibXMLParser.m in Sources */,
				61B14F520FE3659A00EA7207 /* MGTwitterStatusesLibXMLParser.m in Sources */,
				61B14F530FE3659A00EA7207 /* MGTwitterUsersLibXMLParser.m in Sources */,
				61B14F540FE3659A00EA7207 /* MGTwitterMessagesLibXMLParser.m in Sources */,
				61B14F550FE3659A00EA7207 /* MGTwitterMiscLibXMLParser.m in Sources */,
				61B14F560FE3659A00EA7207 /* MGTwitterXMLParser.m in Sources */,
				61B14F570FE3659A00EA7207 /* MGTwitterStatusesParser.m in Sources */,
				61B14F580FE3659A00EA7207 /* MGTwitterUsersParser.m in Sources */,
				61B14F590FE3659A00EA7207 /* MGTwitterMessagesParser.m in Sources */,
				61B14F5A0FE3659A00EA7207 /* MGTwitterMiscParser.m in Sources */,
				61B14F610FE3659A00EA7207 /* NSString+UUID.m in Sources */,
				61B14F620FE3659A00EA7207 /* NSData+Base64.m in Sources */,
			);
			runOnlyForDeploymentPostprocessing = 0;
		};
/* End PBXSourcesBuildPhase section */

/* Begin PBXVariantGroup section */
		089C165CFE840E0CC02AAC07 /* InfoPlist.strings */ = {
			isa = PBXVariantGroup;
			children = (
				089C165DFE840E0CC02AAC07 /* English */,
			);
			name = InfoPlist.strings;
			sourceTree = "<group>";
		};
/* End PBXVariantGroup section */

/* Begin XCBuildConfiguration section */
		C01FCF4B08A954540054247B /* Debug */ = {
			isa = XCBuildConfiguration;
			buildSettings = {
				COPY_PHASE_STRIP = NO;
				FRAMEWORK_SEARCH_PATHS = (
					"$(inherited)",
					"\"$(SRCROOT)\"",
				);
				GCC_DYNAMIC_NO_PIC = NO;
				GCC_ENABLE_FIX_AND_CONTINUE = YES;
				GCC_MODEL_TUNING = G5;
				GCC_OPTIMIZATION_LEVEL = 0;
				GCC_PRECOMPILE_PREFIX_HEADER = YES;
				GCC_PREFIX_HEADER = Pwitter_Prefix.pch;
				INFOPLIST_FILE = Info.plist;
				INSTALL_PATH = "$(HOME)/Applications";
				LIBRARY_SEARCH_PATHS = (
					"$(inherited)",
					"\"$(SRCROOT)\"",
				);
				PRODUCT_NAME = Pwitter;
				WRAPPER_EXTENSION = app;
				ZERO_LINK = YES;
			};
			name = Debug;
		};
		C01FCF4C08A954540054247B /* Release */ = {
			isa = XCBuildConfiguration;
			buildSettings = {
				DEBUG_INFORMATION_FORMAT = "dwarf-with-dsym";
				FRAMEWORK_SEARCH_PATHS = (
					"$(inherited)",
					"\"$(SRCROOT)\"",
				);
				GCC_MODEL_TUNING = G5;
				GCC_PRECOMPILE_PREFIX_HEADER = YES;
				GCC_PREFIX_HEADER = Pwitter_Prefix.pch;
				INFOPLIST_FILE = Info.plist;
				INSTALL_PATH = "$(HOME)/Applications";
				LIBRARY_SEARCH_PATHS = (
					"$(inherited)",
					"\"$(SRCROOT)\"",
				);
				PRODUCT_NAME = Pwitter;
				WRAPPER_EXTENSION = app;
			};
			name = Release;
		};
		C01FCF4F08A954540054247B /* Debug */ = {
			isa = XCBuildConfiguration;
			buildSettings = {
				GCC_VERSION = com.apple.compilers.llvm.clang.1_0;
				GCC_WARN_ABOUT_RETURN_TYPE = YES;
				GCC_WARN_UNUSED_VARIABLE = YES;
				PREBINDING = NO;
				SDKROOT = macosx10.5;
				USER_HEADER_SEARCH_PATHS = "/opt/local/include /usr/include/libxml2";
			};
			name = Debug;
		};
		C01FCF5008A954540054247B /* Release */ = {
			isa = XCBuildConfiguration;
			buildSettings = {
				ARCHS = (
					ppc,
					i386,
				);
				GCC_ENABLE_OBJC_GC = unsupported;
				GCC_VERSION = com.apple.compilers.llvm.clang.1_0;
				GCC_WARN_ABOUT_RETURN_TYPE = YES;
				GCC_WARN_UNUSED_VARIABLE = YES;
				PREBINDING = NO;
				SDKROOT = macosx10.5;
				USER_HEADER_SEARCH_PATHS = /usr/include/libxml2;
			};
			name = Release;
		};
/* End XCBuildConfiguration section */

/* Begin XCConfigurationList section */
		C01FCF4A08A954540054247B /* Build configuration list for PBXNativeTarget "Pwitter" */ = {
			isa = XCConfigurationList;
			buildConfigurations = (
				C01FCF4B08A954540054247B /* Debug */,
				C01FCF4C08A954540054247B /* Release */,
			);
			defaultConfigurationIsVisible = 0;
			defaultConfigurationName = Release;
		};
		C01FCF4E08A954540054247B /* Build configuration list for PBXProject "Pwitter" */ = {
			isa = XCConfigurationList;
			buildConfigurations = (
				C01FCF4F08A954540054247B /* Debug */,
				C01FCF5008A954540054247B /* Release */,
			);
			defaultConfigurationIsVisible = 0;
			defaultConfigurationName = Release;
		};
/* End XCConfigurationList section */
	};
	rootObject = 29B97313FDCFA39411CA2CEA /* Project object */;
}
